// !$*UTF8*$!
{
	archiveVersion = 1;
	classes = {
	};
	objectVersion = 48;
	objects = {

/* Begin PBXBuildFile section */
		F3208A891F84E83900B57B0E /* DataServiceTests.swift in Sources */ = {isa = PBXBuildFile; fileRef = F3208A881F84E83900B57B0E /* DataServiceTests.swift */; };
		F3208A8B1F84E8B300B57B0E /* Nimble.framework in Frameworks */ = {isa = PBXBuildFile; fileRef = F3208A841F84E5D300B57B0E /* Nimble.framework */; };
		F3208A8C1F84E8B300B57B0E /* RxCocoa.framework in Frameworks */ = {isa = PBXBuildFile; fileRef = F3A812F01F83780700A09AAB /* RxCocoa.framework */; };
		F3208A8D1F84E8B300B57B0E /* RxSwift.framework in Frameworks */ = {isa = PBXBuildFile; fileRef = F3A812F41F83780700A09AAB /* RxSwift.framework */; };
		F3208A921F84EAF400B57B0E /* CustomSourceViewModelTest.swift in Sources */ = {isa = PBXBuildFile; fileRef = F3208A911F84EAF400B57B0E /* CustomSourceViewModelTest.swift */; };
		F3208A991F84EB7C00B57B0E /* ServiceProtocols.swift in Sources */ = {isa = PBXBuildFile; fileRef = F3208A981F84EB7C00B57B0E /* ServiceProtocols.swift */; };
		F3208A9A1F84EC8E00B57B0E /* RxBlocking.framework in Frameworks */ = {isa = PBXBuildFile; fileRef = F3208A8E1F84E8B400B57B0E /* RxBlocking.framework */; };
		F3296F67202B4C150093B94C /* RxBlocking.framework in Frameworks */ = {isa = PBXBuildFile; fileRef = F3208A8E1F84E8B400B57B0E /* RxBlocking.framework */; };
		F32EAB361FCD55C9007E4CED /* RxTest.framework in Frameworks */ = {isa = PBXBuildFile; fileRef = F32EAB351FCD55C9007E4CED /* RxTest.framework */; };
		F33EB3FE1FBDD81F0050560D /* UIViewController+Extensions.swift in Sources */ = {isa = PBXBuildFile; fileRef = F33EB3FD1FBDD81F0050560D /* UIViewController+Extensions.swift */; };
		F365964F1F9B41880002BAC8 /* RxSwiftExt.framework in Frameworks */ = {isa = PBXBuildFile; fileRef = F365964E1F9B41880002BAC8 /* RxSwiftExt.framework */; };
		F38AF5781F851D0000C82EC7 /* CRToast.framework in Frameworks */ = {isa = PBXBuildFile; fileRef = F38AF5771F851D0000C82EC7 /* CRToast.framework */; };
		F38CD1BD1F8382950050056C /* RssSourceViewModel.swift in Sources */ = {isa = PBXBuildFile; fileRef = F38CD1BC1F8382950050056C /* RssSourceViewModel.swift */; };
		F38CD1C01F8384490050056C /* Bundle+Extensions.swift in Sources */ = {isa = PBXBuildFile; fileRef = F38CD1BF1F8384490050056C /* Bundle+Extensions.swift */; };
		F38CD1C21F8385450050056C /* sources.json in Resources */ = {isa = PBXBuildFile; fileRef = F38CD1C11F8385350050056C /* sources.json */; };
		F38CD1C61F83860E0050056C /* Reusable.framework in Frameworks */ = {isa = PBXBuildFile; fileRef = F38CD1C51F83860E0050056C /* Reusable.framework */; };
		F38CD1CD1F8386A00050056C /* RssSourceCell.swift in Sources */ = {isa = PBXBuildFile; fileRef = F38CD1CB1F8386A00050056C /* RssSourceCell.swift */; };
		F38CD1CE1F8386A00050056C /* RssSourceCell.xib in Resources */ = {isa = PBXBuildFile; fileRef = F38CD1CC1F8386A00050056C /* RssSourceCell.xib */; };
		F38CD22B1F83A1FE0050056C /* Nuke.framework in Frameworks */ = {isa = PBXBuildFile; fileRef = F38CD22A1F83A1FE0050056C /* Nuke.framework */; };
		F38CD22F1F83A2B90050056C /* CustomSourceViewController.swift in Sources */ = {isa = PBXBuildFile; fileRef = F38CD22E1F83A2B90050056C /* CustomSourceViewController.swift */; };
		F38CD2311F83A2F40050056C /* RxNuke.framework in Frameworks */ = {isa = PBXBuildFile; fileRef = F38CD2301F83A2F40050056C /* RxNuke.framework */; };
		F38CD2331F83A6040050056C /* CustomSourceViewModel.swift in Sources */ = {isa = PBXBuildFile; fileRef = F38CD2321F83A6030050056C /* CustomSourceViewModel.swift */; };
		F38CD2351F83AB9E0050056C /* RxSwift+Extensions.swift in Sources */ = {isa = PBXBuildFile; fileRef = F38CD2341F83AB9E0050056C /* RxSwift+Extensions.swift */; };
		F38CD2371F83AEC70050056C /* UIScrollView+Extensions.swift in Sources */ = {isa = PBXBuildFile; fileRef = F38CD2361F83AEC70050056C /* UIScrollView+Extensions.swift */; };
		F39064951F84D4D8003C0C12 /* FeedViewModel.swift in Sources */ = {isa = PBXBuildFile; fileRef = F39064941F84D4D8003C0C12 /* FeedViewModel.swift */; };
		F39064971F84DB8D003C0C12 /* FeedKit.framework in Frameworks */ = {isa = PBXBuildFile; fileRef = F39064961F84DB8D003C0C12 /* FeedKit.framework */; };
		F39064991F84DBA7003C0C12 /* RssDataService.swift in Sources */ = {isa = PBXBuildFile; fileRef = F39064981F84DBA7003C0C12 /* RssDataService.swift */; };
		F390649B1F84DC7A003C0C12 /* RssItem.swift in Sources */ = {isa = PBXBuildFile; fileRef = F390649A1F84DC7A003C0C12 /* RssItem.swift */; };
		F390649E1F84DF6B003C0C12 /* FeedCell.swift in Sources */ = {isa = PBXBuildFile; fileRef = F390649C1F84DF6B003C0C12 /* FeedCell.swift */; };
		F390649F1F84DF6B003C0C12 /* FeedCell.xib in Resources */ = {isa = PBXBuildFile; fileRef = F390649D1F84DF6B003C0C12 /* FeedCell.xib */; };
		F3A4B2151FC42FD200787BCE /* AboutViewController.swift in Sources */ = {isa = PBXBuildFile; fileRef = F3A4B2141FC42FD200787BCE /* AboutViewController.swift */; };
		F3A4B2171FC432CA00787BCE /* Licenses.plist in Resources */ = {isa = PBXBuildFile; fileRef = F3A4B2161FC432CA00787BCE /* Licenses.plist */; };
		F3A4B2191FC4331000787BCE /* About.storyboard in Resources */ = {isa = PBXBuildFile; fileRef = F3A4B2181FC4331000787BCE /* About.storyboard */; };
		F3A4B21B1FC434C300787BCE /* LibrariesViewController.swift in Sources */ = {isa = PBXBuildFile; fileRef = F3A4B21A1FC434C300787BCE /* LibrariesViewController.swift */; };
		F3A4B21D1FC434EC00787BCE /* LibrariesViewModel.swift in Sources */ = {isa = PBXBuildFile; fileRef = F3A4B21C1FC434EC00787BCE /* LibrariesViewModel.swift */; };
		F3A4B21F1FC4359A00787BCE /* AboutCoordinator.swift in Sources */ = {isa = PBXBuildFile; fileRef = F3A4B21E1FC4359A00787BCE /* AboutCoordinator.swift */; };
		F3A4B2211FC43C0B00787BCE /* AboutViewModel.swift in Sources */ = {isa = PBXBuildFile; fileRef = F3A4B2201FC43C0B00787BCE /* AboutViewModel.swift */; };
		F3A812B81F83740E00A09AAB /* AppDelegate.swift in Sources */ = {isa = PBXBuildFile; fileRef = F3A812B71F83740E00A09AAB /* AppDelegate.swift */; };
		F3A812BF1F83740E00A09AAB /* Assets.xcassets in Resources */ = {isa = PBXBuildFile; fileRef = F3A812BE1F83740E00A09AAB /* Assets.xcassets */; };
		F3A812C21F83740E00A09AAB /* LaunchScreen.storyboard in Resources */ = {isa = PBXBuildFile; fileRef = F3A812C01F83740E00A09AAB /* LaunchScreen.storyboard */; };
		F3A812D51F83754100A09AAB /* AppDelegate+Setup.swift in Sources */ = {isa = PBXBuildFile; fileRef = F3A812D41F83754100A09AAB /* AppDelegate+Setup.swift */; };
		F3A812D81F8375A100A09AAB /* Coordinator.swift in Sources */ = {isa = PBXBuildFile; fileRef = F3A812D71F8375A100A09AAB /* Coordinator.swift */; };
		F3A812DA1F8375BB00A09AAB /* NavigationCoordinator.swift in Sources */ = {isa = PBXBuildFile; fileRef = F3A812D91F8375BB00A09AAB /* NavigationCoordinator.swift */; };
		F3A812DC1F8375DF00A09AAB /* AppCoordinator.swift in Sources */ = {isa = PBXBuildFile; fileRef = F3A812DB1F8375DF00A09AAB /* AppCoordinator.swift */; };
		F3A812DF1F83762A00A09AAB /* Swinject+Extensions.swift in Sources */ = {isa = PBXBuildFile; fileRef = F3A812DE1F83762A00A09AAB /* Swinject+Extensions.swift */; };
		F3A812E11F83766400A09AAB /* StoryboardLodable.swift in Sources */ = {isa = PBXBuildFile; fileRef = F3A812E01F83766400A09AAB /* StoryboardLodable.swift */; };
		F3A812F61F83780800A09AAB /* RxCocoa.framework in Frameworks */ = {isa = PBXBuildFile; fileRef = F3A812F01F83780700A09AAB /* RxCocoa.framework */; };
		F3A812F71F83780800A09AAB /* SwinjectStoryboard.framework in Frameworks */ = {isa = PBXBuildFile; fileRef = F3A812F11F83780700A09AAB /* SwinjectStoryboard.framework */; };
		F3A812F81F83780800A09AAB /* SwinjectAutoregistration.framework in Frameworks */ = {isa = PBXBuildFile; fileRef = F3A812F21F83780700A09AAB /* SwinjectAutoregistration.framework */; };
		F3A812F91F83780800A09AAB /* Swinject.framework in Frameworks */ = {isa = PBXBuildFile; fileRef = F3A812F31F83780700A09AAB /* Swinject.framework */; };
		F3A812FA1F83780800A09AAB /* RxSwift.framework in Frameworks */ = {isa = PBXBuildFile; fileRef = F3A812F41F83780700A09AAB /* RxSwift.framework */; };
		F3A812FB1F83780800A09AAB /* CleanroomLogger.framework in Frameworks */ = {isa = PBXBuildFile; fileRef = F3A812F51F83780800A09AAB /* CleanroomLogger.framework */; };
		F3A812FE1F83791C00A09AAB /* UserDefaultsSettingsService.swift in Sources */ = {isa = PBXBuildFile; fileRef = F3A812FD1F83791C00A09AAB /* UserDefaultsSettingsService.swift */; };
		F3A813001F837A6500A09AAB /* FeedViewController.swift in Sources */ = {isa = PBXBuildFile; fileRef = F3A812FF1F837A6500A09AAB /* FeedViewController.swift */; };
		F3A813021F837A8200A09AAB /* SourceSelectionViewController.swift in Sources */ = {isa = PBXBuildFile; fileRef = F3A813011F837A8200A09AAB /* SourceSelectionViewController.swift */; };
		F3A813041F837A8F00A09AAB /* Feed.storyboard in Resources */ = {isa = PBXBuildFile; fileRef = F3A813031F837A8F00A09AAB /* Feed.storyboard */; };
		F3A813061F837AA400A09AAB /* Setup.storyboard in Resources */ = {isa = PBXBuildFile; fileRef = F3A813051F837AA400A09AAB /* Setup.storyboard */; };
		F3A813091F837AF400A09AAB /* RssSource.swift in Sources */ = {isa = PBXBuildFile; fileRef = F3A813081F837AF400A09AAB /* RssSource.swift */; };
		F3A8130B1F837B0E00A09AAB /* SetupCoordinator.swift in Sources */ = {isa = PBXBuildFile; fileRef = F3A8130A1F837B0E00A09AAB /* SetupCoordinator.swift */; };
		F3A8130F1F837C0800A09AAB /* FeedCoordinator.swift in Sources */ = {isa = PBXBuildFile; fileRef = F3A8130E1F837C0800A09AAB /* FeedCoordinator.swift */; };
		F3A813111F837DC900A09AAB /* SourceSelectionViewModel.swift in Sources */ = {isa = PBXBuildFile; fileRef = F3A813101F837DC900A09AAB /* SourceSelectionViewModel.swift */; };
		F3A813131F837ECF00A09AAB /* String+Extensions.swift in Sources */ = {isa = PBXBuildFile; fileRef = F3A813121F837ECF00A09AAB /* String+Extensions.swift */; };
		F3A813171F837F0D00A09AAB /* Localizable.strings in Resources */ = {isa = PBXBuildFile; fileRef = F3A813161F837F0D00A09AAB /* Localizable.strings */; };
		F3AAA6221F860E55009653B7 /* DetailViewController.swift in Sources */ = {isa = PBXBuildFile; fileRef = F3AAA6211F860E55009653B7 /* DetailViewController.swift */; };
		F3AAA6241F861018009653B7 /* DetailViewModel.swift in Sources */ = {isa = PBXBuildFile; fileRef = F3AAA6231F861018009653B7 /* DetailViewModel.swift */; };
		F3AAA6261F86113A009653B7 /* UINavigationController+Extensions.swift in Sources */ = {isa = PBXBuildFile; fileRef = F3AAA6251F86113A009653B7 /* UINavigationController+Extensions.swift */; };
		F3D6865C1F9B761E00879154 /* TestExtensions.swift in Sources */ = {isa = PBXBuildFile; fileRef = F3D6865B1F9B761E00879154 /* TestExtensions.swift */; };
/* End PBXBuildFile section */

/* Begin PBXContainerItemProxy section */
		F3208A7F1F84E48100B57B0E /* PBXContainerItemProxy */ = {
			isa = PBXContainerItemProxy;
			containerPortal = F3A812AC1F83740E00A09AAB /* Project object */;
			proxyType = 1;
			remoteGlobalIDString = F3A812B31F83740E00A09AAB;
			remoteInfo = iOSSampleApp;
		};
/* End PBXContainerItemProxy section */

/* Begin PBXFileReference section */
		F3208A7A1F84E48100B57B0E /* iOSSampleAppTests.xctest */ = {isa = PBXFileReference; explicitFileType = wrapper.cfbundle; includeInIndex = 0; path = iOSSampleAppTests.xctest; sourceTree = BUILT_PRODUCTS_DIR; };
		F3208A7E1F84E48100B57B0E /* Info.plist */ = {isa = PBXFileReference; lastKnownFileType = text.plist.xml; path = Info.plist; sourceTree = "<group>"; };
		F3208A841F84E5D300B57B0E /* Nimble.framework */ = {isa = PBXFileReference; lastKnownFileType = wrapper.framework; name = Nimble.framework; path = Carthage/Build/iOS/Nimble.framework; sourceTree = "<group>"; };
		F3208A881F84E83900B57B0E /* DataServiceTests.swift */ = {isa = PBXFileReference; lastKnownFileType = sourcecode.swift; path = DataServiceTests.swift; sourceTree = "<group>"; };
		F3208A8E1F84E8B400B57B0E /* RxBlocking.framework */ = {isa = PBXFileReference; lastKnownFileType = wrapper.framework; name = RxBlocking.framework; path = Carthage/Build/iOS/RxBlocking.framework; sourceTree = "<group>"; };
		F3208A911F84EAF400B57B0E /* CustomSourceViewModelTest.swift */ = {isa = PBXFileReference; lastKnownFileType = sourcecode.swift; path = CustomSourceViewModelTest.swift; sourceTree = "<group>"; };
		F3208A981F84EB7C00B57B0E /* ServiceProtocols.swift */ = {isa = PBXFileReference; lastKnownFileType = sourcecode.swift; path = ServiceProtocols.swift; sourceTree = "<group>"; };
		F32EAB351FCD55C9007E4CED /* RxTest.framework */ = {isa = PBXFileReference; lastKnownFileType = wrapper.framework; name = RxTest.framework; path = Carthage/Build/iOS/RxTest.framework; sourceTree = "<group>"; };
		F33EB3FD1FBDD81F0050560D /* UIViewController+Extensions.swift */ = {isa = PBXFileReference; lastKnownFileType = sourcecode.swift; path = "UIViewController+Extensions.swift"; sourceTree = "<group>"; };
		F365964E1F9B41880002BAC8 /* RxSwiftExt.framework */ = {isa = PBXFileReference; lastKnownFileType = wrapper.framework; name = RxSwiftExt.framework; path = Carthage/Build/iOS/RxSwiftExt.framework; sourceTree = "<group>"; };
		F38AF5771F851D0000C82EC7 /* CRToast.framework */ = {isa = PBXFileReference; lastKnownFileType = wrapper.framework; name = CRToast.framework; path = Carthage/Build/iOS/CRToast.framework; sourceTree = "<group>"; };
		F38CD1BC1F8382950050056C /* RssSourceViewModel.swift */ = {isa = PBXFileReference; lastKnownFileType = sourcecode.swift; path = RssSourceViewModel.swift; sourceTree = "<group>"; };
		F38CD1BF1F8384490050056C /* Bundle+Extensions.swift */ = {isa = PBXFileReference; lastKnownFileType = sourcecode.swift; path = "Bundle+Extensions.swift"; sourceTree = "<group>"; };
		F38CD1C11F8385350050056C /* sources.json */ = {isa = PBXFileReference; lastKnownFileType = text.json; path = sources.json; sourceTree = "<group>"; };
		F38CD1C51F83860E0050056C /* Reusable.framework */ = {isa = PBXFileReference; lastKnownFileType = wrapper.framework; name = Reusable.framework; path = Carthage/Build/iOS/Reusable.framework; sourceTree = "<group>"; };
		F38CD1CB1F8386A00050056C /* RssSourceCell.swift */ = {isa = PBXFileReference; lastKnownFileType = sourcecode.swift; path = RssSourceCell.swift; sourceTree = "<group>"; };
		F38CD1CC1F8386A00050056C /* RssSourceCell.xib */ = {isa = PBXFileReference; lastKnownFileType = file.xib; path = RssSourceCell.xib; sourceTree = "<group>"; };
		F38CD22A1F83A1FE0050056C /* Nuke.framework */ = {isa = PBXFileReference; lastKnownFileType = wrapper.framework; name = Nuke.framework; path = Carthage/Build/iOS/Nuke.framework; sourceTree = "<group>"; };
		F38CD22E1F83A2B90050056C /* CustomSourceViewController.swift */ = {isa = PBXFileReference; lastKnownFileType = sourcecode.swift; path = CustomSourceViewController.swift; sourceTree = "<group>"; };
		F38CD2301F83A2F40050056C /* RxNuke.framework */ = {isa = PBXFileReference; lastKnownFileType = wrapper.framework; name = RxNuke.framework; path = Carthage/Build/iOS/RxNuke.framework; sourceTree = "<group>"; };
		F38CD2321F83A6030050056C /* CustomSourceViewModel.swift */ = {isa = PBXFileReference; lastKnownFileType = sourcecode.swift; path = CustomSourceViewModel.swift; sourceTree = "<group>"; };
		F38CD2341F83AB9E0050056C /* RxSwift+Extensions.swift */ = {isa = PBXFileReference; lastKnownFileType = sourcecode.swift; path = "RxSwift+Extensions.swift"; sourceTree = "<group>"; };
		F38CD2361F83AEC70050056C /* UIScrollView+Extensions.swift */ = {isa = PBXFileReference; lastKnownFileType = sourcecode.swift; path = "UIScrollView+Extensions.swift"; sourceTree = "<group>"; };
		F39064941F84D4D8003C0C12 /* FeedViewModel.swift */ = {isa = PBXFileReference; lastKnownFileType = sourcecode.swift; path = FeedViewModel.swift; sourceTree = "<group>"; };
		F39064961F84DB8D003C0C12 /* FeedKit.framework */ = {isa = PBXFileReference; lastKnownFileType = wrapper.framework; name = FeedKit.framework; path = Carthage/Build/iOS/FeedKit.framework; sourceTree = "<group>"; };
		F39064981F84DBA7003C0C12 /* RssDataService.swift */ = {isa = PBXFileReference; lastKnownFileType = sourcecode.swift; path = RssDataService.swift; sourceTree = "<group>"; };
		F390649A1F84DC7A003C0C12 /* RssItem.swift */ = {isa = PBXFileReference; lastKnownFileType = sourcecode.swift; path = RssItem.swift; sourceTree = "<group>"; };
		F390649C1F84DF6B003C0C12 /* FeedCell.swift */ = {isa = PBXFileReference; lastKnownFileType = sourcecode.swift; path = FeedCell.swift; sourceTree = "<group>"; };
		F390649D1F84DF6B003C0C12 /* FeedCell.xib */ = {isa = PBXFileReference; lastKnownFileType = file.xib; path = FeedCell.xib; sourceTree = "<group>"; };
		F3A4B2141FC42FD200787BCE /* AboutViewController.swift */ = {isa = PBXFileReference; lastKnownFileType = sourcecode.swift; path = AboutViewController.swift; sourceTree = "<group>"; };
		F3A4B2161FC432CA00787BCE /* Licenses.plist */ = {isa = PBXFileReference; fileEncoding = 4; lastKnownFileType = text.plist.xml; path = Licenses.plist; sourceTree = "<group>"; };
		F3A4B2181FC4331000787BCE /* About.storyboard */ = {isa = PBXFileReference; lastKnownFileType = file.storyboard; path = About.storyboard; sourceTree = "<group>"; };
		F3A4B21A1FC434C300787BCE /* LibrariesViewController.swift */ = {isa = PBXFileReference; lastKnownFileType = sourcecode.swift; path = LibrariesViewController.swift; sourceTree = "<group>"; };
		F3A4B21C1FC434EC00787BCE /* LibrariesViewModel.swift */ = {isa = PBXFileReference; lastKnownFileType = sourcecode.swift; path = LibrariesViewModel.swift; sourceTree = "<group>"; };
		F3A4B21E1FC4359A00787BCE /* AboutCoordinator.swift */ = {isa = PBXFileReference; lastKnownFileType = sourcecode.swift; path = AboutCoordinator.swift; sourceTree = "<group>"; };
		F3A4B2201FC43C0B00787BCE /* AboutViewModel.swift */ = {isa = PBXFileReference; lastKnownFileType = sourcecode.swift; path = AboutViewModel.swift; sourceTree = "<group>"; };
		F3A812B41F83740E00A09AAB /* iOSSampleApp.app */ = {isa = PBXFileReference; explicitFileType = wrapper.application; includeInIndex = 0; path = iOSSampleApp.app; sourceTree = BUILT_PRODUCTS_DIR; };
		F3A812B71F83740E00A09AAB /* AppDelegate.swift */ = {isa = PBXFileReference; lastKnownFileType = sourcecode.swift; path = AppDelegate.swift; sourceTree = "<group>"; };
		F3A812BE1F83740E00A09AAB /* Assets.xcassets */ = {isa = PBXFileReference; lastKnownFileType = folder.assetcatalog; path = Assets.xcassets; sourceTree = "<group>"; };
		F3A812C11F83740E00A09AAB /* Base */ = {isa = PBXFileReference; lastKnownFileType = file.storyboard; name = Base; path = Base.lproj/LaunchScreen.storyboard; sourceTree = "<group>"; };
		F3A812C31F83740E00A09AAB /* Info.plist */ = {isa = PBXFileReference; lastKnownFileType = text.plist.xml; path = Info.plist; sourceTree = "<group>"; };
		F3A812D41F83754100A09AAB /* AppDelegate+Setup.swift */ = {isa = PBXFileReference; lastKnownFileType = sourcecode.swift; path = "AppDelegate+Setup.swift"; sourceTree = "<group>"; };
		F3A812D71F8375A100A09AAB /* Coordinator.swift */ = {isa = PBXFileReference; lastKnownFileType = sourcecode.swift; path = Coordinator.swift; sourceTree = "<group>"; };
		F3A812D91F8375BB00A09AAB /* NavigationCoordinator.swift */ = {isa = PBXFileReference; lastKnownFileType = sourcecode.swift; path = NavigationCoordinator.swift; sourceTree = "<group>"; };
		F3A812DB1F8375DF00A09AAB /* AppCoordinator.swift */ = {isa = PBXFileReference; lastKnownFileType = sourcecode.swift; path = AppCoordinator.swift; sourceTree = "<group>"; };
		F3A812DE1F83762A00A09AAB /* Swinject+Extensions.swift */ = {isa = PBXFileReference; lastKnownFileType = sourcecode.swift; path = "Swinject+Extensions.swift"; sourceTree = "<group>"; };
		F3A812E01F83766400A09AAB /* StoryboardLodable.swift */ = {isa = PBXFileReference; lastKnownFileType = sourcecode.swift; path = StoryboardLodable.swift; sourceTree = "<group>"; };
		F3A812E31F8376AA00A09AAB /* CleanroomLogger.framework */ = {isa = PBXFileReference; lastKnownFileType = wrapper.framework; name = CleanroomLogger.framework; path = iOSSampleApp/Carthage/Build/iOS/CleanroomLogger.framework; sourceTree = "<group>"; };
		F3A812E41F8376AA00A09AAB /* SwinjectAutoregistration.framework */ = {isa = PBXFileReference; lastKnownFileType = wrapper.framework; name = SwinjectAutoregistration.framework; path = iOSSampleApp/Carthage/Build/iOS/SwinjectAutoregistration.framework; sourceTree = "<group>"; };
		F3A812E51F8376AA00A09AAB /* SwinjectStoryboard.framework */ = {isa = PBXFileReference; lastKnownFileType = wrapper.framework; name = SwinjectStoryboard.framework; path = iOSSampleApp/Carthage/Build/iOS/SwinjectStoryboard.framework; sourceTree = "<group>"; };
		F3A812E61F8376AA00A09AAB /* RxSwift.framework */ = {isa = PBXFileReference; lastKnownFileType = wrapper.framework; name = RxSwift.framework; path = iOSSampleApp/Carthage/Build/iOS/RxSwift.framework; sourceTree = "<group>"; };
		F3A812E71F8376AA00A09AAB /* Swinject.framework */ = {isa = PBXFileReference; lastKnownFileType = wrapper.framework; name = Swinject.framework; path = iOSSampleApp/Carthage/Build/iOS/Swinject.framework; sourceTree = "<group>"; };
		F3A812E81F8376AA00A09AAB /* RxCocoa.framework */ = {isa = PBXFileReference; lastKnownFileType = wrapper.framework; name = RxCocoa.framework; path = iOSSampleApp/Carthage/Build/iOS/RxCocoa.framework; sourceTree = "<group>"; };
		F3A812F01F83780700A09AAB /* RxCocoa.framework */ = {isa = PBXFileReference; lastKnownFileType = wrapper.framework; name = RxCocoa.framework; path = Carthage/Build/iOS/RxCocoa.framework; sourceTree = "<group>"; };
		F3A812F11F83780700A09AAB /* SwinjectStoryboard.framework */ = {isa = PBXFileReference; lastKnownFileType = wrapper.framework; name = SwinjectStoryboard.framework; path = Carthage/Build/iOS/SwinjectStoryboard.framework; sourceTree = "<group>"; };
		F3A812F21F83780700A09AAB /* SwinjectAutoregistration.framework */ = {isa = PBXFileReference; lastKnownFileType = wrapper.framework; name = SwinjectAutoregistration.framework; path = Carthage/Build/iOS/SwinjectAutoregistration.framework; sourceTree = "<group>"; };
		F3A812F31F83780700A09AAB /* Swinject.framework */ = {isa = PBXFileReference; lastKnownFileType = wrapper.framework; name = Swinject.framework; path = Carthage/Build/iOS/Swinject.framework; sourceTree = "<group>"; };
		F3A812F41F83780700A09AAB /* RxSwift.framework */ = {isa = PBXFileReference; lastKnownFileType = wrapper.framework; name = RxSwift.framework; path = Carthage/Build/iOS/RxSwift.framework; sourceTree = "<group>"; };
		F3A812F51F83780800A09AAB /* CleanroomLogger.framework */ = {isa = PBXFileReference; lastKnownFileType = wrapper.framework; name = CleanroomLogger.framework; path = Carthage/Build/iOS/CleanroomLogger.framework; sourceTree = "<group>"; };
		F3A812FD1F83791C00A09AAB /* UserDefaultsSettingsService.swift */ = {isa = PBXFileReference; lastKnownFileType = sourcecode.swift; path = UserDefaultsSettingsService.swift; sourceTree = "<group>"; };
		F3A812FF1F837A6500A09AAB /* FeedViewController.swift */ = {isa = PBXFileReference; lastKnownFileType = sourcecode.swift; path = FeedViewController.swift; sourceTree = "<group>"; };
		F3A813011F837A8200A09AAB /* SourceSelectionViewController.swift */ = {isa = PBXFileReference; lastKnownFileType = sourcecode.swift; path = SourceSelectionViewController.swift; sourceTree = "<group>"; };
		F3A813031F837A8F00A09AAB /* Feed.storyboard */ = {isa = PBXFileReference; lastKnownFileType = file.storyboard; path = Feed.storyboard; sourceTree = "<group>"; };
		F3A813051F837AA400A09AAB /* Setup.storyboard */ = {isa = PBXFileReference; lastKnownFileType = file.storyboard; path = Setup.storyboard; sourceTree = "<group>"; };
		F3A813081F837AF400A09AAB /* RssSource.swift */ = {isa = PBXFileReference; lastKnownFileType = sourcecode.swift; path = RssSource.swift; sourceTree = "<group>"; };
		F3A8130A1F837B0E00A09AAB /* SetupCoordinator.swift */ = {isa = PBXFileReference; lastKnownFileType = sourcecode.swift; path = SetupCoordinator.swift; sourceTree = "<group>"; };
		F3A8130E1F837C0800A09AAB /* FeedCoordinator.swift */ = {isa = PBXFileReference; lastKnownFileType = sourcecode.swift; path = FeedCoordinator.swift; sourceTree = "<group>"; };
		F3A813101F837DC900A09AAB /* SourceSelectionViewModel.swift */ = {isa = PBXFileReference; lastKnownFileType = sourcecode.swift; path = SourceSelectionViewModel.swift; sourceTree = "<group>"; };
		F3A813121F837ECF00A09AAB /* String+Extensions.swift */ = {isa = PBXFileReference; lastKnownFileType = sourcecode.swift; path = "String+Extensions.swift"; sourceTree = "<group>"; };
		F3A813161F837F0D00A09AAB /* Localizable.strings */ = {isa = PBXFileReference; lastKnownFileType = text.plist.strings; path = Localizable.strings; sourceTree = "<group>"; };
		F3AAA6211F860E55009653B7 /* DetailViewController.swift */ = {isa = PBXFileReference; lastKnownFileType = sourcecode.swift; path = DetailViewController.swift; sourceTree = "<group>"; };
		F3AAA6231F861018009653B7 /* DetailViewModel.swift */ = {isa = PBXFileReference; lastKnownFileType = sourcecode.swift; path = DetailViewModel.swift; sourceTree = "<group>"; };
		F3AAA6251F86113A009653B7 /* UINavigationController+Extensions.swift */ = {isa = PBXFileReference; lastKnownFileType = sourcecode.swift; path = "UINavigationController+Extensions.swift"; sourceTree = "<group>"; };
		F3D6865B1F9B761E00879154 /* TestExtensions.swift */ = {isa = PBXFileReference; lastKnownFileType = sourcecode.swift; path = TestExtensions.swift; sourceTree = "<group>"; };
/* End PBXFileReference section */

/* Begin PBXFrameworksBuildPhase section */
		F3208A771F84E48100B57B0E /* Frameworks */ = {
			isa = PBXFrameworksBuildPhase;
			buildActionMask = 2147483647;
			files = (
				F3208A9A1F84EC8E00B57B0E /* RxBlocking.framework in Frameworks */,
				F3208A8B1F84E8B300B57B0E /* Nimble.framework in Frameworks */,
				F3208A8C1F84E8B300B57B0E /* RxCocoa.framework in Frameworks */,
				F3208A8D1F84E8B300B57B0E /* RxSwift.framework in Frameworks */,
			);
			runOnlyForDeploymentPostprocessing = 0;
		};
		F3A812B11F83740E00A09AAB /* Frameworks */ = {
			isa = PBXFrameworksBuildPhase;
			buildActionMask = 2147483647;
			files = (
				F3296F67202B4C150093B94C /* RxBlocking.framework in Frameworks */,
				F32EAB361FCD55C9007E4CED /* RxTest.framework in Frameworks */,
				F365964F1F9B41880002BAC8 /* RxSwiftExt.framework in Frameworks */,
				F38AF5781F851D0000C82EC7 /* CRToast.framework in Frameworks */,
				F39064971F84DB8D003C0C12 /* FeedKit.framework in Frameworks */,
				F38CD2311F83A2F40050056C /* RxNuke.framework in Frameworks */,
				F38CD22B1F83A1FE0050056C /* Nuke.framework in Frameworks */,
				F38CD1C61F83860E0050056C /* Reusable.framework in Frameworks */,
				F3A812F61F83780800A09AAB /* RxCocoa.framework in Frameworks */,
				F3A812F71F83780800A09AAB /* SwinjectStoryboard.framework in Frameworks */,
				F3A812F81F83780800A09AAB /* SwinjectAutoregistration.framework in Frameworks */,
				F3A812F91F83780800A09AAB /* Swinject.framework in Frameworks */,
				F3A812FA1F83780800A09AAB /* RxSwift.framework in Frameworks */,
				F3A812FB1F83780800A09AAB /* CleanroomLogger.framework in Frameworks */,
			);
			runOnlyForDeploymentPostprocessing = 0;
		};
/* End PBXFrameworksBuildPhase section */

/* Begin PBXGroup section */
		F3208A7B1F84E48100B57B0E /* iOSSampleAppTests */ = {
			isa = PBXGroup;
			children = (
				F3208A7E1F84E48100B57B0E /* Info.plist */,
				F3208A911F84EAF400B57B0E /* CustomSourceViewModelTest.swift */,
				F3208A881F84E83900B57B0E /* DataServiceTests.swift */,
				F3D6865B1F9B761E00879154 /* TestExtensions.swift */,
			);
			path = iOSSampleAppTests;
			sourceTree = "<group>";
		};
		F3208A971F84EB6F00B57B0E /* Protocols */ = {
			isa = PBXGroup;
			children = (
				F3208A981F84EB7C00B57B0E /* ServiceProtocols.swift */,
			);
			path = Protocols;
			sourceTree = "<group>";
		};
		F38CD1C31F8385530050056C /* Data */ = {
			isa = PBXGroup;
			children = (
				F3A4B2161FC432CA00787BCE /* Licenses.plist */,
				F38CD1C11F8385350050056C /* sources.json */,
			);
			path = Data;
			sourceTree = "<group>";
		};
		F38CD1C41F8385A10050056C /* Cells */ = {
			isa = PBXGroup;
			children = (
				F390649C1F84DF6B003C0C12 /* FeedCell.swift */,
				F390649D1F84DF6B003C0C12 /* FeedCell.xib */,
				F38CD1CB1F8386A00050056C /* RssSourceCell.swift */,
				F38CD1CC1F8386A00050056C /* RssSourceCell.xib */,
			);
			path = Cells;
			sourceTree = "<group>";
		};
		F3A812AB1F83740E00A09AAB = {
			isa = PBXGroup;
			children = (
				F3A812B61F83740E00A09AAB /* iOSSampleApp */,
				F3208A7B1F84E48100B57B0E /* iOSSampleAppTests */,
				F3A812B51F83740E00A09AAB /* Products */,
				F3A812E21F8376A900A09AAB /* Frameworks */,
			);
			sourceTree = "<group>";
		};
		F3A812B51F83740E00A09AAB /* Products */ = {
			isa = PBXGroup;
			children = (
				F3A812B41F83740E00A09AAB /* iOSSampleApp.app */,
				F3208A7A1F84E48100B57B0E /* iOSSampleAppTests.xctest */,
			);
			name = Products;
			sourceTree = "<group>";
		};
		F3A812B61F83740E00A09AAB /* iOSSampleApp */ = {
			isa = PBXGroup;
			children = (
				F38CD1C31F8385530050056C /* Data */,
				F3A813071F837ADF00A09AAB /* Models */,
				F3A812CD1F83749900A09AAB /* Coordinators */,
				F3A812CA1F83748100A09AAB /* ViewModels */,
				F3A812C91F83747C00A09AAB /* Views */,
				F3A813141F837EDD00A09AAB /* Resources */,
				F3A812FC1F83790700A09AAB /* Services */,
				F3A812CB1F83748700A09AAB /* Supporting Files */,
				F3A812B71F83740E00A09AAB /* AppDelegate.swift */,
				F3A812BE1F83740E00A09AAB /* Assets.xcassets */,
				F3A812C31F83740E00A09AAB /* Info.plist */,
			);
			path = iOSSampleApp;
			sourceTree = "<group>";
		};
		F3A812C91F83747C00A09AAB /* Views */ = {
			isa = PBXGroup;
			children = (
				F38CD1C41F8385A10050056C /* Cells */,
				F3A812CC1F83749200A09AAB /* Storyboards */,
				F3A4B2141FC42FD200787BCE /* AboutViewController.swift */,
				F38CD22E1F83A2B90050056C /* CustomSourceViewController.swift */,
				F3AAA6211F860E55009653B7 /* DetailViewController.swift */,
				F3A812FF1F837A6500A09AAB /* FeedViewController.swift */,
				F3A4B21A1FC434C300787BCE /* LibrariesViewController.swift */,
				F3A813011F837A8200A09AAB /* SourceSelectionViewController.swift */,
			);
			path = Views;
			sourceTree = "<group>";
		};
		F3A812CA1F83748100A09AAB /* ViewModels */ = {
			isa = PBXGroup;
			children = (
				F3A4B2201FC43C0B00787BCE /* AboutViewModel.swift */,
				F38CD2321F83A6030050056C /* CustomSourceViewModel.swift */,
				F3AAA6231F861018009653B7 /* DetailViewModel.swift */,
				F39064941F84D4D8003C0C12 /* FeedViewModel.swift */,
				F3A4B21C1FC434EC00787BCE /* LibrariesViewModel.swift */,
				F38CD1BC1F8382950050056C /* RssSourceViewModel.swift */,
				F3A813101F837DC900A09AAB /* SourceSelectionViewModel.swift */,
			);
			path = ViewModels;
			sourceTree = "<group>";
		};
		F3A812CB1F83748700A09AAB /* Supporting Files */ = {
			isa = PBXGroup;
			children = (
				F3A812DD1F83761E00A09AAB /* Extensions */,
				F3A812D61F83758000A09AAB /* Coordinators */,
				F3A812D41F83754100A09AAB /* AppDelegate+Setup.swift */,
			);
			path = "Supporting Files";
			sourceTree = "<group>";
		};
		F3A812CC1F83749200A09AAB /* Storyboards */ = {
			isa = PBXGroup;
			children = (
				F3A4B2181FC4331000787BCE /* About.storyboard */,
				F3A813031F837A8F00A09AAB /* Feed.storyboard */,
				F3A812C01F83740E00A09AAB /* LaunchScreen.storyboard */,
				F3A813051F837AA400A09AAB /* Setup.storyboard */,
			);
			path = Storyboards;
			sourceTree = "<group>";
		};
		F3A812CD1F83749900A09AAB /* Coordinators */ = {
			isa = PBXGroup;
			children = (
				F3A4B21E1FC4359A00787BCE /* AboutCoordinator.swift */,
				F3A812DB1F8375DF00A09AAB /* AppCoordinator.swift */,
				F3A8130E1F837C0800A09AAB /* FeedCoordinator.swift */,
				F3A8130A1F837B0E00A09AAB /* SetupCoordinator.swift */,
			);
			path = Coordinators;
			sourceTree = "<group>";
		};
		F3A812D61F83758000A09AAB /* Coordinators */ = {
			isa = PBXGroup;
			children = (
				F3A812D71F8375A100A09AAB /* Coordinator.swift */,
				F3A812D91F8375BB00A09AAB /* NavigationCoordinator.swift */,
			);
			path = Coordinators;
			sourceTree = "<group>";
		};
		F3A812DD1F83761E00A09AAB /* Extensions */ = {
			isa = PBXGroup;
			children = (
				F38CD1BF1F8384490050056C /* Bundle+Extensions.swift */,
				F38CD2341F83AB9E0050056C /* RxSwift+Extensions.swift */,
				F3A812E01F83766400A09AAB /* StoryboardLodable.swift */,
				F3A813121F837ECF00A09AAB /* String+Extensions.swift */,
				F3A812DE1F83762A00A09AAB /* Swinject+Extensions.swift */,
				F3AAA6251F86113A009653B7 /* UINavigationController+Extensions.swift */,
				F38CD2361F83AEC70050056C /* UIScrollView+Extensions.swift */,
				F33EB3FD1FBDD81F0050560D /* UIViewController+Extensions.swift */,
			);
			path = Extensions;
			sourceTree = "<group>";
		};
		F3A812E21F8376A900A09AAB /* Frameworks */ = {
			isa = PBXGroup;
			children = (
				F32EAB351FCD55C9007E4CED /* RxTest.framework */,
				F365964E1F9B41880002BAC8 /* RxSwiftExt.framework */,
				F38AF5771F851D0000C82EC7 /* CRToast.framework */,
				F3208A8E1F84E8B400B57B0E /* RxBlocking.framework */,
				F3208A841F84E5D300B57B0E /* Nimble.framework */,
				F39064961F84DB8D003C0C12 /* FeedKit.framework */,
				F38CD2301F83A2F40050056C /* RxNuke.framework */,
				F38CD22A1F83A1FE0050056C /* Nuke.framework */,
				F38CD1C51F83860E0050056C /* Reusable.framework */,
				F3A812F51F83780800A09AAB /* CleanroomLogger.framework */,
				F3A812F01F83780700A09AAB /* RxCocoa.framework */,
				F3A812F41F83780700A09AAB /* RxSwift.framework */,
				F3A812F31F83780700A09AAB /* Swinject.framework */,
				F3A812F21F83780700A09AAB /* SwinjectAutoregistration.framework */,
				F3A812F11F83780700A09AAB /* SwinjectStoryboard.framework */,
				F3A812E31F8376AA00A09AAB /* CleanroomLogger.framework */,
				F3A812E81F8376AA00A09AAB /* RxCocoa.framework */,
				F3A812E61F8376AA00A09AAB /* RxSwift.framework */,
				F3A812E71F8376AA00A09AAB /* Swinject.framework */,
				F3A812E41F8376AA00A09AAB /* SwinjectAutoregistration.framework */,
				F3A812E51F8376AA00A09AAB /* SwinjectStoryboard.framework */,
			);
			name = Frameworks;
			sourceTree = "<group>";
		};
		F3A812FC1F83790700A09AAB /* Services */ = {
			isa = PBXGroup;
			children = (
				F3208A971F84EB6F00B57B0E /* Protocols */,
				F39064981F84DBA7003C0C12 /* RssDataService.swift */,
				F3A812FD1F83791C00A09AAB /* UserDefaultsSettingsService.swift */,
			);
			path = Services;
			sourceTree = "<group>";
		};
		F3A813071F837ADF00A09AAB /* Models */ = {
			isa = PBXGroup;
			children = (
				F390649A1F84DC7A003C0C12 /* RssItem.swift */,
				F3A813081F837AF400A09AAB /* RssSource.swift */,
			);
			path = Models;
			sourceTree = "<group>";
		};
		F3A813141F837EDD00A09AAB /* Resources */ = {
			isa = PBXGroup;
			children = (
				F3A813151F837EFF00A09AAB /* en */,
			);
			path = Resources;
			sourceTree = "<group>";
		};
		F3A813151F837EFF00A09AAB /* en */ = {
			isa = PBXGroup;
			children = (
				F3A813161F837F0D00A09AAB /* Localizable.strings */,
			);
			path = en;
			sourceTree = "<group>";
		};
/* End PBXGroup section */

/* Begin PBXNativeTarget section */
		F3208A791F84E48100B57B0E /* iOSSampleAppTests */ = {
			isa = PBXNativeTarget;
			buildConfigurationList = F3208A831F84E48100B57B0E /* Build configuration list for PBXNativeTarget "iOSSampleAppTests" */;
			buildPhases = (
				F3208A761F84E48100B57B0E /* Sources */,
				F3208A771F84E48100B57B0E /* Frameworks */,
				F3208A781F84E48100B57B0E /* Resources */,
				F3208A901F84E97C00B57B0E /* Carthage */,
			);
			buildRules = (
			);
			dependencies = (
				F3208A801F84E48100B57B0E /* PBXTargetDependency */,
			);
			name = iOSSampleAppTests;
			productName = iOSSampleAppTests;
			productReference = F3208A7A1F84E48100B57B0E /* iOSSampleAppTests.xctest */;
			productType = "com.apple.product-type.bundle.unit-test";
		};
		F3A812B31F83740E00A09AAB /* iOSSampleApp */ = {
			isa = PBXNativeTarget;
			buildConfigurationList = F3A812C61F83740E00A09AAB /* Build configuration list for PBXNativeTarget "iOSSampleApp" */;
			buildPhases = (
				F3A4B2221FC43D8000787BCE /* Build number */,
				F3A812B01F83740E00A09AAB /* Sources */,
				F3A812B11F83740E00A09AAB /* Frameworks */,
				F3A812B21F83740E00A09AAB /* Resources */,
				F3A812EF1F8376BD00A09AAB /* Carthage */,
				F32EAB1D1FCD517E007E4CED /* SwiftLint */,
			);
			buildRules = (
			);
			dependencies = (
			);
			name = iOSSampleApp;
			productName = iOSSampleApp;
			productReference = F3A812B41F83740E00A09AAB /* iOSSampleApp.app */;
			productType = "com.apple.product-type.application";
		};
/* End PBXNativeTarget section */

/* Begin PBXProject section */
		F3A812AC1F83740E00A09AAB /* Project object */ = {
			isa = PBXProject;
			attributes = {
				LastSwiftUpdateCheck = 0900;
				LastUpgradeCheck = 0900;
				ORGANIZATIONNAME = "Igor Kulman";
				TargetAttributes = {
					F3208A791F84E48100B57B0E = {
						CreatedOnToolsVersion = 9.0;
						LastSwiftMigration = 0900;
						ProvisioningStyle = Automatic;
						TestTargetID = F3A812B31F83740E00A09AAB;
					};
					F3A812B31F83740E00A09AAB = {
						CreatedOnToolsVersion = 9.0;
						ProvisioningStyle = Automatic;
					};
				};
			};
			buildConfigurationList = F3A812AF1F83740E00A09AAB /* Build configuration list for PBXProject "iOSSampleApp" */;
			compatibilityVersion = "Xcode 8.0";
			developmentRegion = en;
			hasScannedForEncodings = 0;
			knownRegions = (
				en,
				Base,
			);
			mainGroup = F3A812AB1F83740E00A09AAB;
			productRefGroup = F3A812B51F83740E00A09AAB /* Products */;
			projectDirPath = "";
			projectRoot = "";
			targets = (
				F3A812B31F83740E00A09AAB /* iOSSampleApp */,
				F3208A791F84E48100B57B0E /* iOSSampleAppTests */,
			);
		};
/* End PBXProject section */

/* Begin PBXResourcesBuildPhase section */
		F3208A781F84E48100B57B0E /* Resources */ = {
			isa = PBXResourcesBuildPhase;
			buildActionMask = 2147483647;
			files = (
			);
			runOnlyForDeploymentPostprocessing = 0;
		};
		F3A812B21F83740E00A09AAB /* Resources */ = {
			isa = PBXResourcesBuildPhase;
			buildActionMask = 2147483647;
			files = (
				F3A813171F837F0D00A09AAB /* Localizable.strings in Resources */,
				F390649F1F84DF6B003C0C12 /* FeedCell.xib in Resources */,
				F3A4B2171FC432CA00787BCE /* Licenses.plist in Resources */,
				F3A813061F837AA400A09AAB /* Setup.storyboard in Resources */,
				F3A812C21F83740E00A09AAB /* LaunchScreen.storyboard in Resources */,
				F38CD1CE1F8386A00050056C /* RssSourceCell.xib in Resources */,
				F3A4B2191FC4331000787BCE /* About.storyboard in Resources */,
				F3A813041F837A8F00A09AAB /* Feed.storyboard in Resources */,
				F38CD1C21F8385450050056C /* sources.json in Resources */,
				F3A812BF1F83740E00A09AAB /* Assets.xcassets in Resources */,
			);
			runOnlyForDeploymentPostprocessing = 0;
		};
/* End PBXResourcesBuildPhase section */

/* Begin PBXShellScriptBuildPhase section */
		F3208A901F84E97C00B57B0E /* Carthage */ = {
			isa = PBXShellScriptBuildPhase;
			buildActionMask = 2147483647;
			files = (
			);
			inputPaths = (
				"$(SRCROOT)/Carthage/Build/iOS/Nimble.framework",
				"$(SRCROOT)/Carthage/Build/iOS/RxSwift.framework",
				"$(SRCROOT)/Carthage/Build/iOS/RxCocoa.framework",
				"$(SRCROOT)/Carthage/Build/iOS/RxBlocking.framework",
			);
			name = Carthage;
			outputPaths = (
			);
			runOnlyForDeploymentPostprocessing = 0;
			shellPath = /bin/sh;
			shellScript = "/usr/local/bin/carthage copy-frameworks";
		};
		F32EAB1D1FCD517E007E4CED /* SwiftLint */ = {
			isa = PBXShellScriptBuildPhase;
			buildActionMask = 2147483647;
			files = (
			);
			inputPaths = (
			);
			name = SwiftLint;
			outputPaths = (
			);
			runOnlyForDeploymentPostprocessing = 0;
			shellPath = /bin/sh;
			shellScript = "if which swiftlint >/dev/null; then\nswiftlint\nelse\necho \"warning: SwiftLint not installed, download from https://github.com/realm/SwiftLint\"\nfi";
		};
		F3A4B2221FC43D8000787BCE /* Build number */ = {
			isa = PBXShellScriptBuildPhase;
			buildActionMask = 2147483647;
			files = (
			);
			inputPaths = (
			);
			name = "Build number";
			outputPaths = (
			);
			runOnlyForDeploymentPostprocessing = 0;
			shellPath = /bin/sh;
			shellScript = "buildNumber=$(git rev-list HEAD | wc -l | tr -d ' ')\n/usr/libexec/PlistBuddy -c \"Set :CFBundleVersion $buildNumber\" \"${PROJECT_DIR}/${INFOPLIST_FILE}\"";
		};
		F3A812EF1F8376BD00A09AAB /* Carthage */ = {
			isa = PBXShellScriptBuildPhase;
			buildActionMask = 2147483647;
			files = (
			);
			inputPaths = (
				"$(SRCROOT)/Carthage/Build/iOS/RxCocoa.framework",
				"$(SRCROOT)/Carthage/Build/iOS/RxSwift.framework",
				"$(SRCROOT)/Carthage/Build/iOS/Swinject.framework",
				"$(SRCROOT)/Carthage/Build/iOS/SwinjectStoryboard.framework",
				"$(SRCROOT)/Carthage/Build/iOS/CleanroomLogger.framework",
				"$(SRCROOT)/Carthage/Build/iOS/SwinjectAutoregistration.framework",
				"$(SRCROOT)/Carthage/Build/iOS/Reusable.framework",
				"$(SRCROOT)/Carthage/Build/iOS/Nuke.framework",
				"$(SRCROOT)/Carthage/Build/iOS/RxNuke.framework",
				"$(SRCROOT)/Carthage/Build/iOS/FeedKit.framework",
				"$(SRCROOT)/Carthage/Build/iOS/CRToast.framework",
				"$(SRCROOT)/Carthage/Build/iOS/RxSwiftExt.framework",
				"$(SRCROOT)/Carthage/Build/iOS/RxTest.framework",
				"$(SRCROOT)/Carthage/Build/iOS/RxBlocking.framework",
			);
			name = Carthage;
			outputPaths = (
			);
			runOnlyForDeploymentPostprocessing = 0;
			shellPath = /bin/sh;
			shellScript = "/usr/local/bin/carthage copy-frameworks";
		};
/* End PBXShellScriptBuildPhase section */

/* Begin PBXSourcesBuildPhase section */
		F3208A761F84E48100B57B0E /* Sources */ = {
			isa = PBXSourcesBuildPhase;
			buildActionMask = 2147483647;
			files = (
				F3208A921F84EAF400B57B0E /* CustomSourceViewModelTest.swift in Sources */,
				F3D6865C1F9B761E00879154 /* TestExtensions.swift in Sources */,
				F3208A891F84E83900B57B0E /* DataServiceTests.swift in Sources */,
			);
			runOnlyForDeploymentPostprocessing = 0;
		};
		F3A812B01F83740E00A09AAB /* Sources */ = {
			isa = PBXSourcesBuildPhase;
			buildActionMask = 2147483647;
			files = (
				F38CD1BD1F8382950050056C /* RssSourceViewModel.swift in Sources */,
				F3A813021F837A8200A09AAB /* SourceSelectionViewController.swift in Sources */,
				F38CD1C01F8384490050056C /* Bundle+Extensions.swift in Sources */,
				F39064991F84DBA7003C0C12 /* RssDataService.swift in Sources */,
				F3A812D51F83754100A09AAB /* AppDelegate+Setup.swift in Sources */,
				F3A813111F837DC900A09AAB /* SourceSelectionViewModel.swift in Sources */,
				F3A813131F837ECF00A09AAB /* String+Extensions.swift in Sources */,
				F390649E1F84DF6B003C0C12 /* FeedCell.swift in Sources */,
				F3A813091F837AF400A09AAB /* RssSource.swift in Sources */,
				F3A4B21B1FC434C300787BCE /* LibrariesViewController.swift in Sources */,
				F3A813001F837A6500A09AAB /* FeedViewController.swift in Sources */,
				F3A812E11F83766400A09AAB /* StoryboardLodable.swift in Sources */,
				F3AAA6241F861018009653B7 /* DetailViewModel.swift in Sources */,
				F38CD2331F83A6040050056C /* CustomSourceViewModel.swift in Sources */,
				F3AAA6261F86113A009653B7 /* UINavigationController+Extensions.swift in Sources */,
				F3A4B2151FC42FD200787BCE /* AboutViewController.swift in Sources */,
				F3A4B21D1FC434EC00787BCE /* LibrariesViewModel.swift in Sources */,
				F3A4B21F1FC4359A00787BCE /* AboutCoordinator.swift in Sources */,
				F3A812FE1F83791C00A09AAB /* UserDefaultsSettingsService.swift in Sources */,
				F3A812B81F83740E00A09AAB /* AppDelegate.swift in Sources */,
				F38CD2371F83AEC70050056C /* UIScrollView+Extensions.swift in Sources */,
				F38CD22F1F83A2B90050056C /* CustomSourceViewController.swift in Sources */,
				F39064951F84D4D8003C0C12 /* FeedViewModel.swift in Sources */,
				F38CD1CD1F8386A00050056C /* RssSourceCell.swift in Sources */,
				F3A812DF1F83762A00A09AAB /* Swinject+Extensions.swift in Sources */,
				F390649B1F84DC7A003C0C12 /* RssItem.swift in Sources */,
				F3A4B2211FC43C0B00787BCE /* AboutViewModel.swift in Sources */,
				F3A812DC1F8375DF00A09AAB /* AppCoordinator.swift in Sources */,
				F3A812DA1F8375BB00A09AAB /* NavigationCoordinator.swift in Sources */,
				F3A8130B1F837B0E00A09AAB /* SetupCoordinator.swift in Sources */,
				F3A812D81F8375A100A09AAB /* Coordinator.swift in Sources */,
				F3A8130F1F837C0800A09AAB /* FeedCoordinator.swift in Sources */,
				F33EB3FE1FBDD81F0050560D /* UIViewController+Extensions.swift in Sources */,
				F3AAA6221F860E55009653B7 /* DetailViewController.swift in Sources */,
				F38CD2351F83AB9E0050056C /* RxSwift+Extensions.swift in Sources */,
				F3208A991F84EB7C00B57B0E /* ServiceProtocols.swift in Sources */,
			);
			runOnlyForDeploymentPostprocessing = 0;
		};
/* End PBXSourcesBuildPhase section */

/* Begin PBXTargetDependency section */
		F3208A801F84E48100B57B0E /* PBXTargetDependency */ = {
			isa = PBXTargetDependency;
			target = F3A812B31F83740E00A09AAB /* iOSSampleApp */;
			targetProxy = F3208A7F1F84E48100B57B0E /* PBXContainerItemProxy */;
		};
/* End PBXTargetDependency section */

/* Begin PBXVariantGroup section */
		F3A812C01F83740E00A09AAB /* LaunchScreen.storyboard */ = {
			isa = PBXVariantGroup;
			children = (
				F3A812C11F83740E00A09AAB /* Base */,
			);
			name = LaunchScreen.storyboard;
			sourceTree = "<group>";
		};
/* End PBXVariantGroup section */

/* Begin XCBuildConfiguration section */
		F3208A811F84E48100B57B0E /* Debug */ = {
			isa = XCBuildConfiguration;
			buildSettings = {
				BUNDLE_LOADER = "$(TEST_HOST)";
				CLANG_ENABLE_MODULES = YES;
				CODE_SIGN_STYLE = Automatic;
				DEVELOPMENT_TEAM = S6EJ3ZVM4G;
				FRAMEWORK_SEARCH_PATHS = (
					"$(inherited)",
					"$(PROJECT_DIR)/Carthage/Build/iOS",
				);
				INFOPLIST_FILE = iOSSampleAppTests/Info.plist;
				LD_RUNPATH_SEARCH_PATHS = "$(inherited) @executable_path/Frameworks @loader_path/Frameworks";
				PRODUCT_BUNDLE_IDENTIFIER = sk.kulman.iOSSampleAppTests;
				PRODUCT_NAME = "$(TARGET_NAME)";
				SWIFT_OPTIMIZATION_LEVEL = "-Onone";
				SWIFT_VERSION = 4.0;
				TARGETED_DEVICE_FAMILY = "1,2";
				TEST_HOST = "$(BUILT_PRODUCTS_DIR)/iOSSampleApp.app/iOSSampleApp";
			};
			name = Debug;
		};
		F3208A821F84E48100B57B0E /* Release */ = {
			isa = XCBuildConfiguration;
			buildSettings = {
				BUNDLE_LOADER = "$(TEST_HOST)";
				CLANG_ENABLE_MODULES = YES;
				CODE_SIGN_STYLE = Automatic;
				DEVELOPMENT_TEAM = S6EJ3ZVM4G;
				FRAMEWORK_SEARCH_PATHS = (
					"$(inherited)",
					"$(PROJECT_DIR)/Carthage/Build/iOS",
				);
				INFOPLIST_FILE = iOSSampleAppTests/Info.plist;
				LD_RUNPATH_SEARCH_PATHS = "$(inherited) @executable_path/Frameworks @loader_path/Frameworks";
				PRODUCT_BUNDLE_IDENTIFIER = sk.kulman.iOSSampleAppTests;
				PRODUCT_NAME = "$(TARGET_NAME)";
				SWIFT_VERSION = 4.0;
				TARGETED_DEVICE_FAMILY = "1,2";
				TEST_HOST = "$(BUILT_PRODUCTS_DIR)/iOSSampleApp.app/iOSSampleApp";
			};
			name = Release;
		};
		F3A812C41F83740E00A09AAB /* Debug */ = {
			isa = XCBuildConfiguration;
			buildSettings = {
				ALWAYS_SEARCH_USER_PATHS = NO;
				CLANG_ANALYZER_NONNULL = YES;
				CLANG_ANALYZER_NUMBER_OBJECT_CONVERSION = YES_AGGRESSIVE;
				CLANG_CXX_LANGUAGE_STANDARD = "gnu++14";
				CLANG_CXX_LIBRARY = "libc++";
				CLANG_ENABLE_MODULES = YES;
				CLANG_ENABLE_OBJC_ARC = YES;
				CLANG_WARN_BLOCK_CAPTURE_AUTORELEASING = YES;
				CLANG_WARN_BOOL_CONVERSION = YES;
				CLANG_WARN_COMMA = YES;
				CLANG_WARN_CONSTANT_CONVERSION = YES;
				CLANG_WARN_DIRECT_OBJC_ISA_USAGE = YES_ERROR;
				CLANG_WARN_DOCUMENTATION_COMMENTS = YES;
				CLANG_WARN_EMPTY_BODY = YES;
				CLANG_WARN_ENUM_CONVERSION = YES;
				CLANG_WARN_INFINITE_RECURSION = YES;
				CLANG_WARN_INT_CONVERSION = YES;
				CLANG_WARN_NON_LITERAL_NULL_CONVERSION = YES;
				CLANG_WARN_OBJC_LITERAL_CONVERSION = YES;
				CLANG_WARN_OBJC_ROOT_CLASS = YES_ERROR;
				CLANG_WARN_RANGE_LOOP_ANALYSIS = YES;
				CLANG_WARN_STRICT_PROTOTYPES = YES;
				CLANG_WARN_SUSPICIOUS_MOVE = YES;
				CLANG_WARN_UNGUARDED_AVAILABILITY = YES_AGGRESSIVE;
				CLANG_WARN_UNREACHABLE_CODE = YES;
				CLANG_WARN__DUPLICATE_METHOD_MATCH = YES;
				CODE_SIGN_IDENTITY = "iPhone Developer";
				COPY_PHASE_STRIP = NO;
				DEBUG_INFORMATION_FORMAT = dwarf;
				ENABLE_STRICT_OBJC_MSGSEND = YES;
				ENABLE_TESTABILITY = YES;
				GCC_C_LANGUAGE_STANDARD = gnu11;
				GCC_DYNAMIC_NO_PIC = NO;
				GCC_NO_COMMON_BLOCKS = YES;
				GCC_OPTIMIZATION_LEVEL = 0;
				GCC_PREPROCESSOR_DEFINITIONS = (
					"DEBUG=1",
					"$(inherited)",
				);
				GCC_WARN_64_TO_32_BIT_CONVERSION = YES;
				GCC_WARN_ABOUT_RETURN_TYPE = YES_ERROR;
				GCC_WARN_UNDECLARED_SELECTOR = YES;
				GCC_WARN_UNINITIALIZED_AUTOS = YES_AGGRESSIVE;
				GCC_WARN_UNUSED_FUNCTION = YES;
				GCC_WARN_UNUSED_VARIABLE = YES;
				IPHONEOS_DEPLOYMENT_TARGET = 11.0;
				MTL_ENABLE_DEBUG_INFO = YES;
				ONLY_ACTIVE_ARCH = YES;
				SDKROOT = iphoneos;
				SWIFT_ACTIVE_COMPILATION_CONDITIONS = DEBUG;
				SWIFT_OPTIMIZATION_LEVEL = "-Onone";
			};
			name = Debug;
		};
		F3A812C51F83740E00A09AAB /* Release */ = {
			isa = XCBuildConfiguration;
			buildSettings = {
				ALWAYS_SEARCH_USER_PATHS = NO;
				CLANG_ANALYZER_NONNULL = YES;
				CLANG_ANALYZER_NUMBER_OBJECT_CONVERSION = YES_AGGRESSIVE;
				CLANG_CXX_LANGUAGE_STANDARD = "gnu++14";
				CLANG_CXX_LIBRARY = "libc++";
				CLANG_ENABLE_MODULES = YES;
				CLANG_ENABLE_OBJC_ARC = YES;
				CLANG_WARN_BLOCK_CAPTURE_AUTORELEASING = YES;
				CLANG_WARN_BOOL_CONVERSION = YES;
				CLANG_WARN_COMMA = YES;
				CLANG_WARN_CONSTANT_CONVERSION = YES;
				CLANG_WARN_DIRECT_OBJC_ISA_USAGE = YES_ERROR;
				CLANG_WARN_DOCUMENTATION_COMMENTS = YES;
				CLANG_WARN_EMPTY_BODY = YES;
				CLANG_WARN_ENUM_CONVERSION = YES;
				CLANG_WARN_INFINITE_RECURSION = YES;
				CLANG_WARN_INT_CONVERSION = YES;
				CLANG_WARN_NON_LITERAL_NULL_CONVERSION = YES;
				CLANG_WARN_OBJC_LITERAL_CONVERSION = YES;
				CLANG_WARN_OBJC_ROOT_CLASS = YES_ERROR;
				CLANG_WARN_RANGE_LOOP_ANALYSIS = YES;
				CLANG_WARN_STRICT_PROTOTYPES = YES;
				CLANG_WARN_SUSPICIOUS_MOVE = YES;
				CLANG_WARN_UNGUARDED_AVAILABILITY = YES_AGGRESSIVE;
				CLANG_WARN_UNREACHABLE_CODE = YES;
				CLANG_WARN__DUPLICATE_METHOD_MATCH = YES;
				CODE_SIGN_IDENTITY = "iPhone Developer";
				COPY_PHASE_STRIP = NO;
				DEBUG_INFORMATION_FORMAT = "dwarf-with-dsym";
				ENABLE_NS_ASSERTIONS = NO;
				ENABLE_STRICT_OBJC_MSGSEND = YES;
				GCC_C_LANGUAGE_STANDARD = gnu11;
				GCC_NO_COMMON_BLOCKS = YES;
				GCC_WARN_64_TO_32_BIT_CONVERSION = YES;
				GCC_WARN_ABOUT_RETURN_TYPE = YES_ERROR;
				GCC_WARN_UNDECLARED_SELECTOR = YES;
				GCC_WARN_UNINITIALIZED_AUTOS = YES_AGGRESSIVE;
				GCC_WARN_UNUSED_FUNCTION = YES;
				GCC_WARN_UNUSED_VARIABLE = YES;
				IPHONEOS_DEPLOYMENT_TARGET = 11.0;
				MTL_ENABLE_DEBUG_INFO = NO;
				SDKROOT = iphoneos;
				SWIFT_OPTIMIZATION_LEVEL = "-Owholemodule";
				VALIDATE_PRODUCT = YES;
			};
			name = Release;
		};
		F3A812C71F83740E00A09AAB /* Debug */ = {
			isa = XCBuildConfiguration;
			buildSettings = {
				ASSETCATALOG_COMPILER_APPICON_NAME = AppIcon;
				CODE_SIGN_STYLE = Automatic;
				DEVELOPMENT_TEAM = S6EJ3ZVM4G;
				FRAMEWORK_SEARCH_PATHS = (
					"$(inherited)",
					"$(PROJECT_DIR)/Carthage/Build/iOS",
				);
				INFOPLIST_FILE = iOSSampleApp/Info.plist;
				LD_RUNPATH_SEARCH_PATHS = "$(inherited) @executable_path/Frameworks";
				PRODUCT_BUNDLE_IDENTIFIER = sk.kulman.iOSSampleApp;
				PRODUCT_NAME = "$(TARGET_NAME)";
				SWIFT_VERSION = 4.0;
				TARGETED_DEVICE_FAMILY = "1,2";
			};
			name = Debug;
		};
		F3A812C81F83740E00A09AAB /* Release */ = {
			isa = XCBuildConfiguration;
			buildSettings = {
				ASSETCATALOG_COMPILER_APPICON_NAME = AppIcon;
				CODE_SIGN_STYLE = Automatic;
				DEVELOPMENT_TEAM = S6EJ3ZVM4G;
				FRAMEWORK_SEARCH_PATHS = (
					"$(inherited)",
					"$(PROJECT_DIR)/iOSSampleApp/Carthage/Build/iOS",
					"$(PROJECT_DIR)/Carthage/Build/iOS",
				);
				INFOPLIST_FILE = iOSSampleApp/Info.plist;
				LD_RUNPATH_SEARCH_PATHS = "$(inherited) @executable_path/Frameworks";
				PRODUCT_BUNDLE_IDENTIFIER = sk.kulman.iOSSampleApp;
				PRODUCT_NAME = "$(TARGET_NAME)";
				SWIFT_VERSION = 4.0;
				TARGETED_DEVICE_FAMILY = "1,2";
			};
			name = Release;
		};
/* End XCBuildConfiguration section */

/* Begin XCConfigurationList section */
		F3208A831F84E48100B57B0E /* Build configuration list for PBXNativeTarget "iOSSampleAppTests" */ = {
			isa = XCConfigurationList;
			buildConfigurations = (
				F3208A811F84E48100B57B0E /* Debug */,
				F3208A821F84E48100B57B0E /* Release */,
			);
			defaultConfigurationIsVisible = 0;
			defaultConfigurationName = Release;
		};
		F3A812AF1F83740E00A09AAB /* Build configuration list for PBXProject "iOSSampleApp" */ = {
			isa = XCConfigurationList;
			buildConfigurations = (
				F3A812C41F83740E00A09AAB /* Debug */,
				F3A812C51F83740E00A09AAB /* Release */,
			);
			defaultConfigurationIsVisible = 0;
			defaultConfigurationName = Release;
		};
		F3A812C61F83740E00A09AAB /* Build configuration list for PBXNativeTarget "iOSSampleApp" */ = {
			isa = XCConfigurationList;
			buildConfigurations = (
				F3A812C71F83740E00A09AAB /* Debug */,
				F3A812C81F83740E00A09AAB /* Release */,
			);
			defaultConfigurationIsVisible = 0;
			defaultConfigurationName = Release;
		};
/* End XCConfigurationList section */
	};
	rootObject = F3A812AC1F83740E00A09AAB /* Project object */;
}
