// !$*UTF8*$!
{
	archiveVersion = 1;
	classes = {
	};
	objectVersion = 54;
	objects = {

/* Begin PBXBuildFile section */
		F300AE1F244F700300F5E060 /* Nimble in Frameworks */ = {isa = PBXBuildFile; productRef = F300AE1E244F700300F5E060 /* Nimble */; };
		F300AE22244F708C00F5E060 /* Quick in Frameworks */ = {isa = PBXBuildFile; productRef = F300AE21244F708C00F5E060 /* Quick */; };
		F300AE28244F71DA00F5E060 /* RxBlocking.swift in Sources */ = {isa = PBXBuildFile; fileRef = F300AE27244F71DA00F5E060 /* RxBlocking.swift */; };
		F300AE2B244F76DD00F5E060 /* NotificationBannerSwift in Frameworks */ = {isa = PBXBuildFile; productRef = F300AE2A244F76DD00F5E060 /* NotificationBannerSwift */; };
		F3208A891F84E83900B57B0E /* DataServiceTests.swift in Sources */ = {isa = PBXBuildFile; fileRef = F3208A881F84E83900B57B0E /* DataServiceTests.swift */; };
		F3208A921F84EAF400B57B0E /* CustomSourceViewModelTests.swift in Sources */ = {isa = PBXBuildFile; fileRef = F3208A911F84EAF400B57B0E /* CustomSourceViewModelTests.swift */; };
		F33474E7244F64220034B1C2 /* RxSwift in Frameworks */ = {isa = PBXBuildFile; productRef = F33474E6244F64220034B1C2 /* RxSwift */; };
		F33474E9244F64220034B1C2 /* RxCocoa in Frameworks */ = {isa = PBXBuildFile; productRef = F33474E8244F64220034B1C2 /* RxCocoa */; };
		F33474EB244F64220034B1C2 /* RxRelay in Frameworks */ = {isa = PBXBuildFile; productRef = F33474EA244F64220034B1C2 /* RxRelay */; };
		F33474EE244F645A0034B1C2 /* Swinject in Frameworks */ = {isa = PBXBuildFile; productRef = F33474ED244F645A0034B1C2 /* Swinject */; };
		F33474F1244F64900034B1C2 /* SwinjectAutoregistration in Frameworks */ = {isa = PBXBuildFile; productRef = F33474F0244F64900034B1C2 /* SwinjectAutoregistration */; };
		F33474F4244F64D80034B1C2 /* Reusable in Frameworks */ = {isa = PBXBuildFile; productRef = F33474F3244F64D80034B1C2 /* Reusable */; };
		F33474F7244F65050034B1C2 /* FeedKit in Frameworks */ = {isa = PBXBuildFile; productRef = F33474F6244F65050034B1C2 /* FeedKit */; };
		F33474FA244F67270034B1C2 /* RxSwiftExt in Frameworks */ = {isa = PBXBuildFile; productRef = F33474F9244F67270034B1C2 /* RxSwiftExt */; };
		F33A1F4124C9866F008ED2BD /* Log.swift in Sources */ = {isa = PBXBuildFile; fileRef = F33A1F4024C9866F008ED2BD /* Log.swift */; };
		F33EB3FE1FBDD81F0050560D /* UIViewController+Extensions.swift in Sources */ = {isa = PBXBuildFile; fileRef = F33EB3FD1FBDD81F0050560D /* UIViewController+Extensions.swift */; };
		F3520E74206017000011EF40 /* Strings.swift in Sources */ = {isa = PBXBuildFile; fileRef = F3520E73206017000011EF40 /* Strings.swift */; };
		F35BD6392065111F000AE4E8 /* AppUITests.swift in Sources */ = {isa = PBXBuildFile; fileRef = F35BD6382065111F000AE4E8 /* AppUITests.swift */; };
		F3651D22203C1B0D0082A73A /* DataService.swift in Sources */ = {isa = PBXBuildFile; fileRef = F3651D21203C1B0D0082A73A /* DataService.swift */; };
		F3651D26203C1B3A0082A73A /* SettingsService.swift in Sources */ = {isa = PBXBuildFile; fileRef = F3651D25203C1B3A0082A73A /* SettingsService.swift */; };
		F376423625A4689800C58CE5 /* Nuke in Frameworks */ = {isa = PBXBuildFile; productRef = F376423525A4689800C58CE5 /* Nuke */; };
		F37781152085E14C00146DBE /* Optional+Extensions.swift in Sources */ = {isa = PBXBuildFile; fileRef = F37781142085E14C00146DBE /* Optional+Extensions.swift */; };
		F382F15824584B0A00861DDF /* SpecLeaks in Frameworks */ = {isa = PBXBuildFile; productRef = F382F15724584B0A00861DDF /* SpecLeaks */; };
		F38CD1BD1F8382950050056C /* RssSourceViewModel.swift in Sources */ = {isa = PBXBuildFile; fileRef = F38CD1BC1F8382950050056C /* RssSourceViewModel.swift */; };
		F38CD1C01F8384490050056C /* Bundle+Extensions.swift in Sources */ = {isa = PBXBuildFile; fileRef = F38CD1BF1F8384490050056C /* Bundle+Extensions.swift */; };
		F38CD1C21F8385450050056C /* sources.json in Resources */ = {isa = PBXBuildFile; fileRef = F38CD1C11F8385350050056C /* sources.json */; };
		F38CD1CD1F8386A00050056C /* RssSourceCell.swift in Sources */ = {isa = PBXBuildFile; fileRef = F38CD1CB1F8386A00050056C /* RssSourceCell.swift */; };
		F38CD22F1F83A2B90050056C /* CustomSourceViewController.swift in Sources */ = {isa = PBXBuildFile; fileRef = F38CD22E1F83A2B90050056C /* CustomSourceViewController.swift */; };
		F38CD2331F83A6040050056C /* CustomSourceViewModel.swift in Sources */ = {isa = PBXBuildFile; fileRef = F38CD2321F83A6030050056C /* CustomSourceViewModel.swift */; };
		F38CD2351F83AB9E0050056C /* Reactive+Extensions.swift in Sources */ = {isa = PBXBuildFile; fileRef = F38CD2341F83AB9E0050056C /* Reactive+Extensions.swift */; };
		F38CD2371F83AEC70050056C /* UIScrollView+Extensions.swift in Sources */ = {isa = PBXBuildFile; fileRef = F38CD2361F83AEC70050056C /* UIScrollView+Extensions.swift */; };
		F39064951F84D4D8003C0C12 /* FeedViewModel.swift in Sources */ = {isa = PBXBuildFile; fileRef = F39064941F84D4D8003C0C12 /* FeedViewModel.swift */; };
		F39064991F84DBA7003C0C12 /* RssDataService.swift in Sources */ = {isa = PBXBuildFile; fileRef = F39064981F84DBA7003C0C12 /* RssDataService.swift */; };
		F390649B1F84DC7A003C0C12 /* RssItem.swift in Sources */ = {isa = PBXBuildFile; fileRef = F390649A1F84DC7A003C0C12 /* RssItem.swift */; };
		F390649E1F84DF6B003C0C12 /* FeedCell.swift in Sources */ = {isa = PBXBuildFile; fileRef = F390649C1F84DF6B003C0C12 /* FeedCell.swift */; };
		F3A4B2151FC42FD200787BCE /* AboutViewController.swift in Sources */ = {isa = PBXBuildFile; fileRef = F3A4B2141FC42FD200787BCE /* AboutViewController.swift */; };
		F3A4B2171FC432CA00787BCE /* Licenses.plist in Resources */ = {isa = PBXBuildFile; fileRef = F3A4B2161FC432CA00787BCE /* Licenses.plist */; };
		F3A4B2191FC4331000787BCE /* About.storyboard in Resources */ = {isa = PBXBuildFile; fileRef = F3A4B2181FC4331000787BCE /* About.storyboard */; };
		F3A4B21B1FC434C300787BCE /* LibrariesViewController.swift in Sources */ = {isa = PBXBuildFile; fileRef = F3A4B21A1FC434C300787BCE /* LibrariesViewController.swift */; };
		F3A4B21D1FC434EC00787BCE /* LibrariesViewModel.swift in Sources */ = {isa = PBXBuildFile; fileRef = F3A4B21C1FC434EC00787BCE /* LibrariesViewModel.swift */; };
		F3A4B21F1FC4359A00787BCE /* AboutCoordinator.swift in Sources */ = {isa = PBXBuildFile; fileRef = F3A4B21E1FC4359A00787BCE /* AboutCoordinator.swift */; };
		F3A4B2211FC43C0B00787BCE /* AboutViewModel.swift in Sources */ = {isa = PBXBuildFile; fileRef = F3A4B2201FC43C0B00787BCE /* AboutViewModel.swift */; };
		F3A812B81F83740E00A09AAB /* AppDelegate.swift in Sources */ = {isa = PBXBuildFile; fileRef = F3A812B71F83740E00A09AAB /* AppDelegate.swift */; };
		F3A812BF1F83740E00A09AAB /* Assets.xcassets in Resources */ = {isa = PBXBuildFile; fileRef = F3A812BE1F83740E00A09AAB /* Assets.xcassets */; };
		F3A812C21F83740E00A09AAB /* LaunchScreen.storyboard in Resources */ = {isa = PBXBuildFile; fileRef = F3A812C01F83740E00A09AAB /* LaunchScreen.storyboard */; };
		F3A812D51F83754100A09AAB /* AppDelegate+Setup.swift in Sources */ = {isa = PBXBuildFile; fileRef = F3A812D41F83754100A09AAB /* AppDelegate+Setup.swift */; };
		F3A812D81F8375A100A09AAB /* Coordinator.swift in Sources */ = {isa = PBXBuildFile; fileRef = F3A812D71F8375A100A09AAB /* Coordinator.swift */; };
		F3A812DC1F8375DF00A09AAB /* AppCoordinator.swift in Sources */ = {isa = PBXBuildFile; fileRef = F3A812DB1F8375DF00A09AAB /* AppCoordinator.swift */; };
		F3A812DF1F83762A00A09AAB /* Container+Extensions.swift in Sources */ = {isa = PBXBuildFile; fileRef = F3A812DE1F83762A00A09AAB /* Container+Extensions.swift */; };
		F3A812E11F83766400A09AAB /* StoryboardLodable.swift in Sources */ = {isa = PBXBuildFile; fileRef = F3A812E01F83766400A09AAB /* StoryboardLodable.swift */; };
		F3A812FE1F83791C00A09AAB /* UserDefaultsSettingsService.swift in Sources */ = {isa = PBXBuildFile; fileRef = F3A812FD1F83791C00A09AAB /* UserDefaultsSettingsService.swift */; };
		F3A813001F837A6500A09AAB /* FeedViewController.swift in Sources */ = {isa = PBXBuildFile; fileRef = F3A812FF1F837A6500A09AAB /* FeedViewController.swift */; };
		F3A813021F837A8200A09AAB /* SourceSelectionViewController.swift in Sources */ = {isa = PBXBuildFile; fileRef = F3A813011F837A8200A09AAB /* SourceSelectionViewController.swift */; };
		F3A813061F837AA400A09AAB /* Setup.storyboard in Resources */ = {isa = PBXBuildFile; fileRef = F3A813051F837AA400A09AAB /* Setup.storyboard */; };
		F3A813091F837AF400A09AAB /* RssSource.swift in Sources */ = {isa = PBXBuildFile; fileRef = F3A813081F837AF400A09AAB /* RssSource.swift */; };
		F3A8130B1F837B0E00A09AAB /* SetupCoordinator.swift in Sources */ = {isa = PBXBuildFile; fileRef = F3A8130A1F837B0E00A09AAB /* SetupCoordinator.swift */; };
		F3A8130F1F837C0800A09AAB /* FeedCoordinator.swift in Sources */ = {isa = PBXBuildFile; fileRef = F3A8130E1F837C0800A09AAB /* FeedCoordinator.swift */; };
		F3A813111F837DC900A09AAB /* SourceSelectionViewModel.swift in Sources */ = {isa = PBXBuildFile; fileRef = F3A813101F837DC900A09AAB /* SourceSelectionViewModel.swift */; };
		F3A813131F837ECF00A09AAB /* String+Extensions.swift in Sources */ = {isa = PBXBuildFile; fileRef = F3A813121F837ECF00A09AAB /* String+Extensions.swift */; };
		F3A9678A21AC38D8005E7F3F /* ViewControllerLeakTests.swift in Sources */ = {isa = PBXBuildFile; fileRef = F3A9678921AC38D8005E7F3F /* ViewControllerLeakTests.swift */; };
		F3A9678C21AC3961005E7F3F /* ViewControllerLeakTests+Setup.swift in Sources */ = {isa = PBXBuildFile; fileRef = F3A9678B21AC3961005E7F3F /* ViewControllerLeakTests+Setup.swift */; };
		F3AAA6221F860E55009653B7 /* DetailViewController.swift in Sources */ = {isa = PBXBuildFile; fileRef = F3AAA6211F860E55009653B7 /* DetailViewController.swift */; };
		F3AAA6261F86113A009653B7 /* UINavigationController+Extensions.swift in Sources */ = {isa = PBXBuildFile; fileRef = F3AAA6251F86113A009653B7 /* UINavigationController+Extensions.swift */; };
		F3ABC2BA2285F6D00010BAF0 /* Array+Extensions.swift in Sources */ = {isa = PBXBuildFile; fileRef = F3ABC2B92285F6D00010BAF0 /* Array+Extensions.swift */; };
		F3C5F3522961BB1200257080 /* Operators.swift in Sources */ = {isa = PBXBuildFile; fileRef = F3C5F3512961BB1200257080 /* Operators.swift */; };
		F3C5F3542961BD8300257080 /* UIView+Layout.swift in Sources */ = {isa = PBXBuildFile; fileRef = F3C5F3532961BD8300257080 /* UIView+Layout.swift */; };
		F3C5F3572961C60A00257080 /* LibraryCell.swift in Sources */ = {isa = PBXBuildFile; fileRef = F3C5F3562961C60A00257080 /* LibraryCell.swift */; };
		F3C7CFDD2423AF4C003A961E /* URL+Extensions.swift in Sources */ = {isa = PBXBuildFile; fileRef = F3C7CFDC2423AF4C003A961E /* URL+Extensions.swift */; };
		F3C8DB3B214EA1B700C1A654 /* DataServiceMock.swift in Sources */ = {isa = PBXBuildFile; fileRef = F3C8DB3A214EA1B700C1A654 /* DataServiceMock.swift */; };
		F3C8DB3D214EA1E700C1A654 /* SettingsServiceMock.swift in Sources */ = {isa = PBXBuildFile; fileRef = F3C8DB3C214EA1E700C1A654 /* SettingsServiceMock.swift */; };
		F3C8DB3F214EA3AA00C1A654 /* SourceSelectionViewModelTests.swift in Sources */ = {isa = PBXBuildFile; fileRef = F3C8DB3E214EA3AA00C1A654 /* SourceSelectionViewModelTests.swift */; };
		F3C8DB41214EA7F200C1A654 /* FeedViewModelTests.swift in Sources */ = {isa = PBXBuildFile; fileRef = F3C8DB40214EA7F200C1A654 /* FeedViewModelTests.swift */; };
		F3CBB19621CCFFA00023EE18 /* RxSwift+WKWebView.swift in Sources */ = {isa = PBXBuildFile; fileRef = F3CBB19521CCFFA00023EE18 /* RxSwift+WKWebView.swift */; };
		F3D6865C1F9B761E00879154 /* TestExtensions.swift in Sources */ = {isa = PBXBuildFile; fileRef = F3D6865B1F9B761E00879154 /* TestExtensions.swift */; };
		F3D7D14B2441C599001695B9 /* DebugUtils.swift in Sources */ = {isa = PBXBuildFile; fileRef = F3D7D14A2441C599001695B9 /* DebugUtils.swift */; };
		F3D9327C21628CDE00EA1E91 /* Localizable.strings in Resources */ = {isa = PBXBuildFile; fileRef = F3D9327E21628CDE00EA1E91 /* Localizable.strings */; };
		F3D9328521628D2300EA1E91 /* Localizable.strings in Resources */ = {isa = PBXBuildFile; fileRef = F3D9328321628D2300EA1E91 /* Localizable.strings */; };
		F3EEA696234A3BE800A2FCB5 /* SnapshotHelper.swift in Sources */ = {isa = PBXBuildFile; fileRef = F3EEA695234A3BE800A2FCB5 /* SnapshotHelper.swift */; };
/* End PBXBuildFile section */

/* Begin PBXContainerItemProxy section */
		F3208A7F1F84E48100B57B0E /* PBXContainerItemProxy */ = {
			isa = PBXContainerItemProxy;
			containerPortal = F3A812AC1F83740E00A09AAB /* Project object */;
			proxyType = 1;
			remoteGlobalIDString = F3A812B31F83740E00A09AAB;
			remoteInfo = iOSSampleApp;
		};
		F35BD63B2065111F000AE4E8 /* PBXContainerItemProxy */ = {
			isa = PBXContainerItemProxy;
			containerPortal = F3A812AC1F83740E00A09AAB /* Project object */;
			proxyType = 1;
			remoteGlobalIDString = F3A812B31F83740E00A09AAB;
			remoteInfo = iOSSampleApp;
		};
/* End PBXContainerItemProxy section */

/* Begin PBXFileReference section */
		F300AE27244F71DA00F5E060 /* RxBlocking.swift */ = {isa = PBXFileReference; fileEncoding = 4; lastKnownFileType = sourcecode.swift; path = RxBlocking.swift; sourceTree = "<group>"; };
		F3208A7A1F84E48100B57B0E /* iOSSampleAppTests.xctest */ = {isa = PBXFileReference; explicitFileType = wrapper.cfbundle; includeInIndex = 0; path = iOSSampleAppTests.xctest; sourceTree = BUILT_PRODUCTS_DIR; };
		F3208A7E1F84E48100B57B0E /* Info.plist */ = {isa = PBXFileReference; lastKnownFileType = text.plist.xml; path = Info.plist; sourceTree = "<group>"; };
		F3208A881F84E83900B57B0E /* DataServiceTests.swift */ = {isa = PBXFileReference; lastKnownFileType = sourcecode.swift; path = DataServiceTests.swift; sourceTree = "<group>"; };
		F3208A911F84EAF400B57B0E /* CustomSourceViewModelTests.swift */ = {isa = PBXFileReference; lastKnownFileType = sourcecode.swift; path = CustomSourceViewModelTests.swift; sourceTree = "<group>"; };
		F33A1F4024C9866F008ED2BD /* Log.swift */ = {isa = PBXFileReference; lastKnownFileType = sourcecode.swift; path = Log.swift; sourceTree = "<group>"; };
		F33EB3FD1FBDD81F0050560D /* UIViewController+Extensions.swift */ = {isa = PBXFileReference; lastKnownFileType = sourcecode.swift; path = "UIViewController+Extensions.swift"; sourceTree = "<group>"; };
		F3520E73206017000011EF40 /* Strings.swift */ = {isa = PBXFileReference; lastKnownFileType = sourcecode.swift; path = Strings.swift; sourceTree = "<group>"; };
		F35BD6362065111F000AE4E8 /* iOSSampleAppUITests.xctest */ = {isa = PBXFileReference; explicitFileType = wrapper.cfbundle; includeInIndex = 0; path = iOSSampleAppUITests.xctest; sourceTree = BUILT_PRODUCTS_DIR; };
		F35BD6382065111F000AE4E8 /* AppUITests.swift */ = {isa = PBXFileReference; lastKnownFileType = sourcecode.swift; path = AppUITests.swift; sourceTree = "<group>"; };
		F35BD63A2065111F000AE4E8 /* Info.plist */ = {isa = PBXFileReference; lastKnownFileType = text.plist.xml; path = Info.plist; sourceTree = "<group>"; };
		F3651D21203C1B0D0082A73A /* DataService.swift */ = {isa = PBXFileReference; lastKnownFileType = sourcecode.swift; path = DataService.swift; sourceTree = "<group>"; };
		F3651D25203C1B3A0082A73A /* SettingsService.swift */ = {isa = PBXFileReference; lastKnownFileType = sourcecode.swift; path = SettingsService.swift; sourceTree = "<group>"; };
		F37781142085E14C00146DBE /* Optional+Extensions.swift */ = {isa = PBXFileReference; lastKnownFileType = sourcecode.swift; path = "Optional+Extensions.swift"; sourceTree = "<group>"; };
		F38CD1BC1F8382950050056C /* RssSourceViewModel.swift */ = {isa = PBXFileReference; lastKnownFileType = sourcecode.swift; path = RssSourceViewModel.swift; sourceTree = "<group>"; };
		F38CD1BF1F8384490050056C /* Bundle+Extensions.swift */ = {isa = PBXFileReference; lastKnownFileType = sourcecode.swift; path = "Bundle+Extensions.swift"; sourceTree = "<group>"; };
		F38CD1C11F8385350050056C /* sources.json */ = {isa = PBXFileReference; lastKnownFileType = text.json; path = sources.json; sourceTree = "<group>"; };
		F38CD1CB1F8386A00050056C /* RssSourceCell.swift */ = {isa = PBXFileReference; lastKnownFileType = sourcecode.swift; path = RssSourceCell.swift; sourceTree = "<group>"; };
		F38CD22E1F83A2B90050056C /* CustomSourceViewController.swift */ = {isa = PBXFileReference; lastKnownFileType = sourcecode.swift; path = CustomSourceViewController.swift; sourceTree = "<group>"; };
		F38CD2321F83A6030050056C /* CustomSourceViewModel.swift */ = {isa = PBXFileReference; lastKnownFileType = sourcecode.swift; path = CustomSourceViewModel.swift; sourceTree = "<group>"; };
		F38CD2341F83AB9E0050056C /* Reactive+Extensions.swift */ = {isa = PBXFileReference; lastKnownFileType = sourcecode.swift; path = "Reactive+Extensions.swift"; sourceTree = "<group>"; };
		F38CD2361F83AEC70050056C /* UIScrollView+Extensions.swift */ = {isa = PBXFileReference; lastKnownFileType = sourcecode.swift; path = "UIScrollView+Extensions.swift"; sourceTree = "<group>"; };
		F39064941F84D4D8003C0C12 /* FeedViewModel.swift */ = {isa = PBXFileReference; lastKnownFileType = sourcecode.swift; path = FeedViewModel.swift; sourceTree = "<group>"; };
		F39064981F84DBA7003C0C12 /* RssDataService.swift */ = {isa = PBXFileReference; lastKnownFileType = sourcecode.swift; path = RssDataService.swift; sourceTree = "<group>"; };
		F390649A1F84DC7A003C0C12 /* RssItem.swift */ = {isa = PBXFileReference; lastKnownFileType = sourcecode.swift; path = RssItem.swift; sourceTree = "<group>"; };
		F390649C1F84DF6B003C0C12 /* FeedCell.swift */ = {isa = PBXFileReference; lastKnownFileType = sourcecode.swift; path = FeedCell.swift; sourceTree = "<group>"; };
		F3A4B2141FC42FD200787BCE /* AboutViewController.swift */ = {isa = PBXFileReference; lastKnownFileType = sourcecode.swift; path = AboutViewController.swift; sourceTree = "<group>"; };
		F3A4B2161FC432CA00787BCE /* Licenses.plist */ = {isa = PBXFileReference; fileEncoding = 4; lastKnownFileType = text.plist.xml; path = Licenses.plist; sourceTree = "<group>"; };
		F3A4B2181FC4331000787BCE /* About.storyboard */ = {isa = PBXFileReference; lastKnownFileType = file.storyboard; path = About.storyboard; sourceTree = "<group>"; };
		F3A4B21A1FC434C300787BCE /* LibrariesViewController.swift */ = {isa = PBXFileReference; lastKnownFileType = sourcecode.swift; path = LibrariesViewController.swift; sourceTree = "<group>"; };
		F3A4B21C1FC434EC00787BCE /* LibrariesViewModel.swift */ = {isa = PBXFileReference; lastKnownFileType = sourcecode.swift; path = LibrariesViewModel.swift; sourceTree = "<group>"; };
		F3A4B21E1FC4359A00787BCE /* AboutCoordinator.swift */ = {isa = PBXFileReference; lastKnownFileType = sourcecode.swift; path = AboutCoordinator.swift; sourceTree = "<group>"; };
		F3A4B2201FC43C0B00787BCE /* AboutViewModel.swift */ = {isa = PBXFileReference; lastKnownFileType = sourcecode.swift; path = AboutViewModel.swift; sourceTree = "<group>"; };
		F3A812B41F83740E00A09AAB /* iOSSampleApp.app */ = {isa = PBXFileReference; explicitFileType = wrapper.application; includeInIndex = 0; path = iOSSampleApp.app; sourceTree = BUILT_PRODUCTS_DIR; };
		F3A812B71F83740E00A09AAB /* AppDelegate.swift */ = {isa = PBXFileReference; lastKnownFileType = sourcecode.swift; path = AppDelegate.swift; sourceTree = "<group>"; };
		F3A812BE1F83740E00A09AAB /* Assets.xcassets */ = {isa = PBXFileReference; lastKnownFileType = folder.assetcatalog; path = Assets.xcassets; sourceTree = "<group>"; };
		F3A812C11F83740E00A09AAB /* Base */ = {isa = PBXFileReference; lastKnownFileType = file.storyboard; name = Base; path = Base.lproj/LaunchScreen.storyboard; sourceTree = "<group>"; };
		F3A812C31F83740E00A09AAB /* Info.plist */ = {isa = PBXFileReference; lastKnownFileType = text.plist.xml; path = Info.plist; sourceTree = "<group>"; };
		F3A812D41F83754100A09AAB /* AppDelegate+Setup.swift */ = {isa = PBXFileReference; lastKnownFileType = sourcecode.swift; path = "AppDelegate+Setup.swift"; sourceTree = "<group>"; };
		F3A812D71F8375A100A09AAB /* Coordinator.swift */ = {isa = PBXFileReference; lastKnownFileType = sourcecode.swift; path = Coordinator.swift; sourceTree = "<group>"; };
		F3A812DB1F8375DF00A09AAB /* AppCoordinator.swift */ = {isa = PBXFileReference; lastKnownFileType = sourcecode.swift; path = AppCoordinator.swift; sourceTree = "<group>"; };
		F3A812DE1F83762A00A09AAB /* Container+Extensions.swift */ = {isa = PBXFileReference; lastKnownFileType = sourcecode.swift; path = "Container+Extensions.swift"; sourceTree = "<group>"; };
		F3A812E01F83766400A09AAB /* StoryboardLodable.swift */ = {isa = PBXFileReference; lastKnownFileType = sourcecode.swift; path = StoryboardLodable.swift; sourceTree = "<group>"; };
		F3A812FD1F83791C00A09AAB /* UserDefaultsSettingsService.swift */ = {isa = PBXFileReference; lastKnownFileType = sourcecode.swift; path = UserDefaultsSettingsService.swift; sourceTree = "<group>"; };
		F3A812FF1F837A6500A09AAB /* FeedViewController.swift */ = {isa = PBXFileReference; lastKnownFileType = sourcecode.swift; path = FeedViewController.swift; sourceTree = "<group>"; };
		F3A813011F837A8200A09AAB /* SourceSelectionViewController.swift */ = {isa = PBXFileReference; lastKnownFileType = sourcecode.swift; path = SourceSelectionViewController.swift; sourceTree = "<group>"; };
		F3A813051F837AA400A09AAB /* Setup.storyboard */ = {isa = PBXFileReference; lastKnownFileType = file.storyboard; path = Setup.storyboard; sourceTree = "<group>"; };
		F3A813081F837AF400A09AAB /* RssSource.swift */ = {isa = PBXFileReference; lastKnownFileType = sourcecode.swift; path = RssSource.swift; sourceTree = "<group>"; };
		F3A8130A1F837B0E00A09AAB /* SetupCoordinator.swift */ = {isa = PBXFileReference; lastKnownFileType = sourcecode.swift; path = SetupCoordinator.swift; sourceTree = "<group>"; };
		F3A8130E1F837C0800A09AAB /* FeedCoordinator.swift */ = {isa = PBXFileReference; lastKnownFileType = sourcecode.swift; path = FeedCoordinator.swift; sourceTree = "<group>"; };
		F3A813101F837DC900A09AAB /* SourceSelectionViewModel.swift */ = {isa = PBXFileReference; lastKnownFileType = sourcecode.swift; path = SourceSelectionViewModel.swift; sourceTree = "<group>"; };
		F3A813121F837ECF00A09AAB /* String+Extensions.swift */ = {isa = PBXFileReference; lastKnownFileType = sourcecode.swift; path = "String+Extensions.swift"; sourceTree = "<group>"; };
		F3A9678921AC38D8005E7F3F /* ViewControllerLeakTests.swift */ = {isa = PBXFileReference; lastKnownFileType = sourcecode.swift; path = ViewControllerLeakTests.swift; sourceTree = "<group>"; };
		F3A9678B21AC3961005E7F3F /* ViewControllerLeakTests+Setup.swift */ = {isa = PBXFileReference; lastKnownFileType = sourcecode.swift; path = "ViewControllerLeakTests+Setup.swift"; sourceTree = "<group>"; };
		F3AAA6211F860E55009653B7 /* DetailViewController.swift */ = {isa = PBXFileReference; lastKnownFileType = sourcecode.swift; path = DetailViewController.swift; sourceTree = "<group>"; };
		F3AAA6251F86113A009653B7 /* UINavigationController+Extensions.swift */ = {isa = PBXFileReference; lastKnownFileType = sourcecode.swift; path = "UINavigationController+Extensions.swift"; sourceTree = "<group>"; };
		F3ABC2B92285F6D00010BAF0 /* Array+Extensions.swift */ = {isa = PBXFileReference; lastKnownFileType = sourcecode.swift; path = "Array+Extensions.swift"; sourceTree = "<group>"; };
		F3C2E59D24387A4E002A1449 /* generate-strings.sh */ = {isa = PBXFileReference; lastKnownFileType = text.script.sh; path = "generate-strings.sh"; sourceTree = "<group>"; };
		F3C2E59E24387A4E002A1449 /* lint.sh */ = {isa = PBXFileReference; lastKnownFileType = text.script.sh; path = lint.sh; sourceTree = "<group>"; };
		F3C2E59F24387A4E002A1449 /* check-strings.sh */ = {isa = PBXFileReference; lastKnownFileType = text.script.sh; path = "check-strings.sh"; sourceTree = "<group>"; };
		F3C5F3512961BB1200257080 /* Operators.swift */ = {isa = PBXFileReference; lastKnownFileType = sourcecode.swift; path = Operators.swift; sourceTree = "<group>"; };
		F3C5F3532961BD8300257080 /* UIView+Layout.swift */ = {isa = PBXFileReference; lastKnownFileType = sourcecode.swift; path = "UIView+Layout.swift"; sourceTree = "<group>"; };
		F3C5F3562961C60A00257080 /* LibraryCell.swift */ = {isa = PBXFileReference; lastKnownFileType = sourcecode.swift; path = LibraryCell.swift; sourceTree = "<group>"; };
		F3C7CFDC2423AF4C003A961E /* URL+Extensions.swift */ = {isa = PBXFileReference; lastKnownFileType = sourcecode.swift; path = "URL+Extensions.swift"; sourceTree = "<group>"; };
		F3C8DB3A214EA1B700C1A654 /* DataServiceMock.swift */ = {isa = PBXFileReference; lastKnownFileType = sourcecode.swift; path = DataServiceMock.swift; sourceTree = "<group>"; };
		F3C8DB3C214EA1E700C1A654 /* SettingsServiceMock.swift */ = {isa = PBXFileReference; lastKnownFileType = sourcecode.swift; path = SettingsServiceMock.swift; sourceTree = "<group>"; };
		F3C8DB3E214EA3AA00C1A654 /* SourceSelectionViewModelTests.swift */ = {isa = PBXFileReference; lastKnownFileType = sourcecode.swift; path = SourceSelectionViewModelTests.swift; sourceTree = "<group>"; };
		F3C8DB40214EA7F200C1A654 /* FeedViewModelTests.swift */ = {isa = PBXFileReference; lastKnownFileType = sourcecode.swift; path = FeedViewModelTests.swift; sourceTree = "<group>"; };
		F3CBB19521CCFFA00023EE18 /* RxSwift+WKWebView.swift */ = {isa = PBXFileReference; lastKnownFileType = sourcecode.swift; path = "RxSwift+WKWebView.swift"; sourceTree = "<group>"; };
		F3D6865B1F9B761E00879154 /* TestExtensions.swift */ = {isa = PBXFileReference; lastKnownFileType = sourcecode.swift; path = TestExtensions.swift; sourceTree = "<group>"; };
		F3D7D14A2441C599001695B9 /* DebugUtils.swift */ = {isa = PBXFileReference; lastKnownFileType = sourcecode.swift; path = DebugUtils.swift; sourceTree = "<group>"; };
		F3D9327F21628CE200EA1E91 /* Base */ = {isa = PBXFileReference; lastKnownFileType = text.plist.strings; name = Base; path = Base.lproj/Localizable.strings; sourceTree = "<group>"; };
		F3D9328421628D2300EA1E91 /* sk */ = {isa = PBXFileReference; lastKnownFileType = text.plist.strings; name = sk; path = sk.lproj/Localizable.strings; sourceTree = "<group>"; };
		F3EEA695234A3BE800A2FCB5 /* SnapshotHelper.swift */ = {isa = PBXFileReference; fileEncoding = 4; lastKnownFileType = sourcecode.swift; name = SnapshotHelper.swift; path = ../../fastlane/SnapshotHelper.swift; sourceTree = "<group>"; };
/* End PBXFileReference section */

/* Begin PBXFrameworksBuildPhase section */
		F3208A771F84E48100B57B0E /* Frameworks */ = {
			isa = PBXFrameworksBuildPhase;
			buildActionMask = 2147483647;
			files = (
				F300AE22244F708C00F5E060 /* Quick in Frameworks */,
				F300AE1F244F700300F5E060 /* Nimble in Frameworks */,
				F382F15824584B0A00861DDF /* SpecLeaks in Frameworks */,
			);
			runOnlyForDeploymentPostprocessing = 0;
		};
		F35BD6332065111F000AE4E8 /* Frameworks */ = {
			isa = PBXFrameworksBuildPhase;
			buildActionMask = 2147483647;
			files = (
			);
			runOnlyForDeploymentPostprocessing = 0;
		};
		F3A812B11F83740E00A09AAB /* Frameworks */ = {
			isa = PBXFrameworksBuildPhase;
			buildActionMask = 2147483647;
			files = (
				F33474EB244F64220034B1C2 /* RxRelay in Frameworks */,
				F33474FA244F67270034B1C2 /* RxSwiftExt in Frameworks */,
				F33474F1244F64900034B1C2 /* SwinjectAutoregistration in Frameworks */,
				F300AE2B244F76DD00F5E060 /* NotificationBannerSwift in Frameworks */,
				F33474E9244F64220034B1C2 /* RxCocoa in Frameworks */,
				F33474E7244F64220034B1C2 /* RxSwift in Frameworks */,
				F33474EE244F645A0034B1C2 /* Swinject in Frameworks */,
				F33474F7244F65050034B1C2 /* FeedKit in Frameworks */,
				F33474F4244F64D80034B1C2 /* Reusable in Frameworks */,
				F376423625A4689800C58CE5 /* Nuke in Frameworks */,
			);
			runOnlyForDeploymentPostprocessing = 0;
		};
/* End PBXFrameworksBuildPhase section */

/* Begin PBXGroup section */
		F300AE26244F71DA00F5E060 /* Support */ = {
			isa = PBXGroup;
			children = (
				F300AE27244F71DA00F5E060 /* RxBlocking.swift */,
			);
			path = Support;
			sourceTree = "<group>";
		};
		F3208A7B1F84E48100B57B0E /* iOSSampleAppTests */ = {
			isa = PBXGroup;
			children = (
				F300AE26244F71DA00F5E060 /* Support */,
				F3C8DB39214EA1A000C1A654 /* Mocks */,
				F3208A7E1F84E48100B57B0E /* Info.plist */,
				F3208A881F84E83900B57B0E /* DataServiceTests.swift */,
				F3C8DB40214EA7F200C1A654 /* FeedViewModelTests.swift */,
				F3208A911F84EAF400B57B0E /* CustomSourceViewModelTests.swift */,
				F3C8DB3E214EA3AA00C1A654 /* SourceSelectionViewModelTests.swift */,
				F3A9678921AC38D8005E7F3F /* ViewControllerLeakTests.swift */,
				F3A9678B21AC3961005E7F3F /* ViewControllerLeakTests+Setup.swift */,
				F3D6865B1F9B761E00879154 /* TestExtensions.swift */,
			);
			path = iOSSampleAppTests;
			sourceTree = "<group>";
		};
		F35BD6372065111F000AE4E8 /* iOSSampleAppUITests */ = {
			isa = PBXGroup;
			children = (
				F3EEA695234A3BE800A2FCB5 /* SnapshotHelper.swift */,
				F35BD6382065111F000AE4E8 /* AppUITests.swift */,
				F35BD63A2065111F000AE4E8 /* Info.plist */,
			);
			path = iOSSampleAppUITests;
			sourceTree = "<group>";
		};
		F3651D0C203C19BB0082A73A /* Scenarios */ = {
			isa = PBXGroup;
			children = (
				F3651D0F203C19DF0082A73A /* About */,
				F3651D10203C19E80082A73A /* Common */,
				F3651D0D203C19C80082A73A /* Feed */,
				F3651D0E203C19CD0082A73A /* Setup */,
			);
			path = Scenarios;
			sourceTree = "<group>";
		};
		F3651D0D203C19C80082A73A /* Feed */ = {
			isa = PBXGroup;
			children = (
				F3651D18203C1A620082A73A /* Cells */,
				F3651D13203C1A060082A73A /* Coordinators */,
				F3651D1E203C1AD70082A73A /* Models */,
				F3651D1F203C1AEE0082A73A /* Services */,
				F3651D16203C1A400082A73A /* ViewControllers */,
				F3651D1B203C1A860082A73A /* ViewModels */,
			);
			path = Feed;
			sourceTree = "<group>";
		};
		F3651D0E203C19CD0082A73A /* Setup */ = {
			isa = PBXGroup;
			children = (
				F3A813051F837AA400A09AAB /* Setup.storyboard */,
				F3651D19203C1A6D0082A73A /* Cells */,
				F3651D14203C1A0D0082A73A /* Coordinators */,
				F3651D1D203C1ACB0082A73A /* Models */,
				F3651D15203C1A230082A73A /* ViewControllers */,
				F3651D1C203C1AA10082A73A /* ViewModels */,
			);
			path = Setup;
			sourceTree = "<group>";
		};
		F3651D0F203C19DF0082A73A /* About */ = {
			isa = PBXGroup;
			children = (
				F3C5F3552961C60000257080 /* Cells */,
				F3A4B2181FC4331000787BCE /* About.storyboard */,
				F3651D11203C19F70082A73A /* Coordinators */,
				F3651D17203C1A4C0082A73A /* ViewControllers */,
				F3651D1A203C1A790082A73A /* ViewModels */,
			);
			path = About;
			sourceTree = "<group>";
		};
		F3651D10203C19E80082A73A /* Common */ = {
			isa = PBXGroup;
			children = (
				F3A812C01F83740E00A09AAB /* LaunchScreen.storyboard */,
				F3651D23203C1B210082A73A /* Services */,
				F3651D12203C19FF0082A73A /* Coordinators */,
			);
			path = Common;
			sourceTree = "<group>";
		};
		F3651D11203C19F70082A73A /* Coordinators */ = {
			isa = PBXGroup;
			children = (
				F3A4B21E1FC4359A00787BCE /* AboutCoordinator.swift */,
			);
			path = Coordinators;
			sourceTree = "<group>";
		};
		F3651D12203C19FF0082A73A /* Coordinators */ = {
			isa = PBXGroup;
			children = (
				F3A812DB1F8375DF00A09AAB /* AppCoordinator.swift */,
			);
			path = Coordinators;
			sourceTree = "<group>";
		};
		F3651D13203C1A060082A73A /* Coordinators */ = {
			isa = PBXGroup;
			children = (
				F3A8130E1F837C0800A09AAB /* FeedCoordinator.swift */,
			);
			path = Coordinators;
			sourceTree = "<group>";
		};
		F3651D14203C1A0D0082A73A /* Coordinators */ = {
			isa = PBXGroup;
			children = (
				F3A8130A1F837B0E00A09AAB /* SetupCoordinator.swift */,
			);
			path = Coordinators;
			sourceTree = "<group>";
		};
		F3651D15203C1A230082A73A /* ViewControllers */ = {
			isa = PBXGroup;
			children = (
				F38CD22E1F83A2B90050056C /* CustomSourceViewController.swift */,
				F3A813011F837A8200A09AAB /* SourceSelectionViewController.swift */,
			);
			path = ViewControllers;
			sourceTree = "<group>";
		};
		F3651D16203C1A400082A73A /* ViewControllers */ = {
			isa = PBXGroup;
			children = (
				F3AAA6211F860E55009653B7 /* DetailViewController.swift */,
				F3A812FF1F837A6500A09AAB /* FeedViewController.swift */,
			);
			path = ViewControllers;
			sourceTree = "<group>";
		};
		F3651D17203C1A4C0082A73A /* ViewControllers */ = {
			isa = PBXGroup;
			children = (
				F3A4B2141FC42FD200787BCE /* AboutViewController.swift */,
				F3A4B21A1FC434C300787BCE /* LibrariesViewController.swift */,
			);
			path = ViewControllers;
			sourceTree = "<group>";
		};
		F3651D18203C1A620082A73A /* Cells */ = {
			isa = PBXGroup;
			children = (
				F390649C1F84DF6B003C0C12 /* FeedCell.swift */,
			);
			path = Cells;
			sourceTree = "<group>";
		};
		F3651D19203C1A6D0082A73A /* Cells */ = {
			isa = PBXGroup;
			children = (
				F38CD1CB1F8386A00050056C /* RssSourceCell.swift */,
			);
			path = Cells;
			sourceTree = "<group>";
		};
		F3651D1A203C1A790082A73A /* ViewModels */ = {
			isa = PBXGroup;
			children = (
				F3A4B2201FC43C0B00787BCE /* AboutViewModel.swift */,
				F3A4B21C1FC434EC00787BCE /* LibrariesViewModel.swift */,
			);
			path = ViewModels;
			sourceTree = "<group>";
		};
		F3651D1B203C1A860082A73A /* ViewModels */ = {
			isa = PBXGroup;
			children = (
				F39064941F84D4D8003C0C12 /* FeedViewModel.swift */,
			);
			path = ViewModels;
			sourceTree = "<group>";
		};
		F3651D1C203C1AA10082A73A /* ViewModels */ = {
			isa = PBXGroup;
			children = (
				F38CD2321F83A6030050056C /* CustomSourceViewModel.swift */,
				F38CD1BC1F8382950050056C /* RssSourceViewModel.swift */,
				F3A813101F837DC900A09AAB /* SourceSelectionViewModel.swift */,
			);
			path = ViewModels;
			sourceTree = "<group>";
		};
		F3651D1D203C1ACB0082A73A /* Models */ = {
			isa = PBXGroup;
			children = (
				F3A813081F837AF400A09AAB /* RssSource.swift */,
			);
			path = Models;
			sourceTree = "<group>";
		};
		F3651D1E203C1AD70082A73A /* Models */ = {
			isa = PBXGroup;
			children = (
				F390649A1F84DC7A003C0C12 /* RssItem.swift */,
			);
			path = Models;
			sourceTree = "<group>";
		};
		F3651D1F203C1AEE0082A73A /* Services */ = {
			isa = PBXGroup;
			children = (
				F3651D20203C1B040082A73A /* Protocols */,
				F39064981F84DBA7003C0C12 /* RssDataService.swift */,
			);
			path = Services;
			sourceTree = "<group>";
		};
		F3651D20203C1B040082A73A /* Protocols */ = {
			isa = PBXGroup;
			children = (
				F3651D21203C1B0D0082A73A /* DataService.swift */,
			);
			path = Protocols;
			sourceTree = "<group>";
		};
		F3651D23203C1B210082A73A /* Services */ = {
			isa = PBXGroup;
			children = (
				F3651D24203C1B2E0082A73A /* Protocols */,
				F3A812FD1F83791C00A09AAB /* UserDefaultsSettingsService.swift */,
			);
			path = Services;
			sourceTree = "<group>";
		};
		F3651D24203C1B2E0082A73A /* Protocols */ = {
			isa = PBXGroup;
			children = (
				F3651D25203C1B3A0082A73A /* SettingsService.swift */,
			);
			path = Protocols;
			sourceTree = "<group>";
		};
		F38CD1C31F8385530050056C /* Data */ = {
			isa = PBXGroup;
			children = (
				F3A4B2161FC432CA00787BCE /* Licenses.plist */,
				F38CD1C11F8385350050056C /* sources.json */,
			);
			path = Data;
			sourceTree = "<group>";
		};
		F3A812AB1F83740E00A09AAB = {
			isa = PBXGroup;
			children = (
				F3C2E59C24387A4E002A1449 /* Build-Phases */,
				F3A812B61F83740E00A09AAB /* iOSSampleApp */,
				F3208A7B1F84E48100B57B0E /* iOSSampleAppTests */,
				F35BD6372065111F000AE4E8 /* iOSSampleAppUITests */,
				F3A812B51F83740E00A09AAB /* Products */,
				F3A812E21F8376A900A09AAB /* Frameworks */,
			);
			indentWidth = 4;
			sourceTree = "<group>";
			tabWidth = 4;
		};
		F3A812B51F83740E00A09AAB /* Products */ = {
			isa = PBXGroup;
			children = (
				F3A812B41F83740E00A09AAB /* iOSSampleApp.app */,
				F3208A7A1F84E48100B57B0E /* iOSSampleAppTests.xctest */,
				F35BD6362065111F000AE4E8 /* iOSSampleAppUITests.xctest */,
			);
			name = Products;
			sourceTree = "<group>";
		};
		F3A812B61F83740E00A09AAB /* iOSSampleApp */ = {
			isa = PBXGroup;
			children = (
				F38CD1C31F8385530050056C /* Data */,
				F3A813141F837EDD00A09AAB /* Resources */,
				F3651D0C203C19BB0082A73A /* Scenarios */,
				F3A812CB1F83748700A09AAB /* Supporting Files */,
				F3A812B71F83740E00A09AAB /* AppDelegate.swift */,
				F3A812BE1F83740E00A09AAB /* Assets.xcassets */,
				F3A812C31F83740E00A09AAB /* Info.plist */,
			);
			path = iOSSampleApp;
			sourceTree = "<group>";
		};
		F3A812CB1F83748700A09AAB /* Supporting Files */ = {
			isa = PBXGroup;
			children = (
				F3A812DD1F83761E00A09AAB /* Extensions */,
				F3A812D61F83758000A09AAB /* Coordinators */,
				F3A812D41F83754100A09AAB /* AppDelegate+Setup.swift */,
				F3D7D14A2441C599001695B9 /* DebugUtils.swift */,
				F33A1F4024C9866F008ED2BD /* Log.swift */,
				F3C5F3512961BB1200257080 /* Operators.swift */,
			);
			path = "Supporting Files";
			sourceTree = "<group>";
		};
		F3A812D61F83758000A09AAB /* Coordinators */ = {
			isa = PBXGroup;
			children = (
				F3A812D71F8375A100A09AAB /* Coordinator.swift */,
			);
			path = Coordinators;
			sourceTree = "<group>";
		};
		F3A812DD1F83761E00A09AAB /* Extensions */ = {
			isa = PBXGroup;
			children = (
				F3ABC2B92285F6D00010BAF0 /* Array+Extensions.swift */,
				F38CD1BF1F8384490050056C /* Bundle+Extensions.swift */,
				F3A812DE1F83762A00A09AAB /* Container+Extensions.swift */,
				F37781142085E14C00146DBE /* Optional+Extensions.swift */,
				F38CD2341F83AB9E0050056C /* Reactive+Extensions.swift */,
				F3CBB19521CCFFA00023EE18 /* RxSwift+WKWebView.swift */,
				F3A812E01F83766400A09AAB /* StoryboardLodable.swift */,
				F3A813121F837ECF00A09AAB /* String+Extensions.swift */,
				F3AAA6251F86113A009653B7 /* UINavigationController+Extensions.swift */,
				F38CD2361F83AEC70050056C /* UIScrollView+Extensions.swift */,
				F3C5F3532961BD8300257080 /* UIView+Layout.swift */,
				F33EB3FD1FBDD81F0050560D /* UIViewController+Extensions.swift */,
				F3C7CFDC2423AF4C003A961E /* URL+Extensions.swift */,
			);
			path = Extensions;
			sourceTree = "<group>";
		};
		F3A812E21F8376A900A09AAB /* Frameworks */ = {
			isa = PBXGroup;
			children = (
			);
			name = Frameworks;
			sourceTree = "<group>";
		};
		F3A813141F837EDD00A09AAB /* Resources */ = {
			isa = PBXGroup;
			children = (
				F3520E73206017000011EF40 /* Strings.swift */,
				F3D9328221628CF900EA1E91 /* sk */,
				F3D9328121628CF000EA1E91 /* en */,
			);
			path = Resources;
			sourceTree = "<group>";
		};
		F3C2E59C24387A4E002A1449 /* Build-Phases */ = {
			isa = PBXGroup;
			children = (
				F3C2E59D24387A4E002A1449 /* generate-strings.sh */,
				F3C2E59F24387A4E002A1449 /* check-strings.sh */,
				F3C2E59E24387A4E002A1449 /* lint.sh */,
			);
			path = "Build-Phases";
			sourceTree = "<group>";
		};
		F3C5F3552961C60000257080 /* Cells */ = {
			isa = PBXGroup;
			children = (
				F3C5F3562961C60A00257080 /* LibraryCell.swift */,
			);
			path = Cells;
			sourceTree = "<group>";
		};
		F3C8DB39214EA1A000C1A654 /* Mocks */ = {
			isa = PBXGroup;
			children = (
				F3C8DB3A214EA1B700C1A654 /* DataServiceMock.swift */,
				F3C8DB3C214EA1E700C1A654 /* SettingsServiceMock.swift */,
			);
			path = Mocks;
			sourceTree = "<group>";
		};
		F3D9328121628CF000EA1E91 /* en */ = {
			isa = PBXGroup;
			children = (
				F3D9327E21628CDE00EA1E91 /* Localizable.strings */,
			);
			name = en;
			sourceTree = "<group>";
		};
		F3D9328221628CF900EA1E91 /* sk */ = {
			isa = PBXGroup;
			children = (
				F3D9328321628D2300EA1E91 /* Localizable.strings */,
			);
			name = sk;
			sourceTree = "<group>";
		};
/* End PBXGroup section */

/* Begin PBXNativeTarget section */
		F3208A791F84E48100B57B0E /* iOSSampleAppTests */ = {
			isa = PBXNativeTarget;
			buildConfigurationList = F3208A831F84E48100B57B0E /* Build configuration list for PBXNativeTarget "iOSSampleAppTests" */;
			buildPhases = (
				F3208A761F84E48100B57B0E /* Sources */,
				F3208A771F84E48100B57B0E /* Frameworks */,
				F3208A781F84E48100B57B0E /* Resources */,
			);
			buildRules = (
			);
			dependencies = (
				F3208A801F84E48100B57B0E /* PBXTargetDependency */,
			);
			name = iOSSampleAppTests;
			packageProductDependencies = (
				F300AE1E244F700300F5E060 /* Nimble */,
				F300AE21244F708C00F5E060 /* Quick */,
				F382F15724584B0A00861DDF /* SpecLeaks */,
			);
			productName = iOSSampleAppTests;
			productReference = F3208A7A1F84E48100B57B0E /* iOSSampleAppTests.xctest */;
			productType = "com.apple.product-type.bundle.unit-test";
		};
		F35BD6352065111F000AE4E8 /* iOSSampleAppUITests */ = {
			isa = PBXNativeTarget;
			buildConfigurationList = F35BD63F2065111F000AE4E8 /* Build configuration list for PBXNativeTarget "iOSSampleAppUITests" */;
			buildPhases = (
				F35BD6322065111F000AE4E8 /* Sources */,
				F35BD6332065111F000AE4E8 /* Frameworks */,
				F35BD6342065111F000AE4E8 /* Resources */,
			);
			buildRules = (
			);
			dependencies = (
				F35BD63C2065111F000AE4E8 /* PBXTargetDependency */,
			);
			name = iOSSampleAppUITests;
			productName = iOSSampleAppUITests;
			productReference = F35BD6362065111F000AE4E8 /* iOSSampleAppUITests.xctest */;
			productType = "com.apple.product-type.bundle.ui-testing";
		};
		F3A812B31F83740E00A09AAB /* iOSSampleApp */ = {
			isa = PBXNativeTarget;
			buildConfigurationList = F3A812C61F83740E00A09AAB /* Build configuration list for PBXNativeTarget "iOSSampleApp" */;
			buildPhases = (
				F3FEEBB521628E2B00D1CF9E /* Generate strings */,
				F3FEEBB621628FEA00D1CF9E /* Check strings */,
				F32EAB1D1FCD517E007E4CED /* SwiftLint */,
				F3A812B01F83740E00A09AAB /* Sources */,
				F3A812B11F83740E00A09AAB /* Frameworks */,
				F3A812B21F83740E00A09AAB /* Resources */,
			);
			buildRules = (
			);
			dependencies = (
			);
			name = iOSSampleApp;
			packageProductDependencies = (
				F33474E6244F64220034B1C2 /* RxSwift */,
				F33474E8244F64220034B1C2 /* RxCocoa */,
				F33474EA244F64220034B1C2 /* RxRelay */,
				F33474ED244F645A0034B1C2 /* Swinject */,
				F33474F0244F64900034B1C2 /* SwinjectAutoregistration */,
				F33474F3244F64D80034B1C2 /* Reusable */,
				F33474F6244F65050034B1C2 /* FeedKit */,
				F33474F9244F67270034B1C2 /* RxSwiftExt */,
				F300AE2A244F76DD00F5E060 /* NotificationBannerSwift */,
				F376423525A4689800C58CE5 /* Nuke */,
			);
			productName = iOSSampleApp;
			productReference = F3A812B41F83740E00A09AAB /* iOSSampleApp.app */;
			productType = "com.apple.product-type.application";
		};
/* End PBXNativeTarget section */

/* Begin PBXProject section */
		F3A812AC1F83740E00A09AAB /* Project object */ = {
			isa = PBXProject;
			attributes = {
				LastSwiftUpdateCheck = 0920;
				LastUpgradeCheck = 1230;
				ORGANIZATIONNAME = "Igor Kulman";
				TargetAttributes = {
					F3208A791F84E48100B57B0E = {
						CreatedOnToolsVersion = 9.0;
						LastSwiftMigration = 1020;
						ProvisioningStyle = Automatic;
						TestTargetID = F3A812B31F83740E00A09AAB;
					};
					F35BD6352065111F000AE4E8 = {
						CreatedOnToolsVersion = 9.2;
						LastSwiftMigration = 1020;
						ProvisioningStyle = Automatic;
						TestTargetID = F3A812B31F83740E00A09AAB;
					};
					F3A812B31F83740E00A09AAB = {
						CreatedOnToolsVersion = 9.0;
						LastSwiftMigration = 1020;
						ProvisioningStyle = Automatic;
					};
				};
			};
			buildConfigurationList = F3A812AF1F83740E00A09AAB /* Build configuration list for PBXProject "iOSSampleApp" */;
			compatibilityVersion = "Xcode 8.0";
			developmentRegion = en;
			hasScannedForEncodings = 0;
			knownRegions = (
				en,
				Base,
				sk,
			);
			mainGroup = F3A812AB1F83740E00A09AAB;
			packageReferences = (
				F33474E5244F64220034B1C2 /* XCRemoteSwiftPackageReference "RxSwift" */,
				F33474EC244F645A0034B1C2 /* XCRemoteSwiftPackageReference "Swinject" */,
				F33474EF244F64900034B1C2 /* XCRemoteSwiftPackageReference "SwinjectAutoregistration" */,
				F33474F2244F64D80034B1C2 /* XCRemoteSwiftPackageReference "Reusable" */,
				F33474F5244F65050034B1C2 /* XCRemoteSwiftPackageReference "FeedKit" */,
				F33474F8244F67270034B1C2 /* XCRemoteSwiftPackageReference "RxSwiftExt" */,
				F300AE1D244F700300F5E060 /* XCRemoteSwiftPackageReference "Nimble" */,
				F300AE20244F708C00F5E060 /* XCRemoteSwiftPackageReference "Quick" */,
				F300AE29244F76DC00F5E060 /* XCRemoteSwiftPackageReference "NotificationBanner" */,
				F382F15624584B0A00861DDF /* XCRemoteSwiftPackageReference "specleaks" */,
				F376423425A4689800C58CE5 /* XCRemoteSwiftPackageReference "Nuke" */,
			);
			productRefGroup = F3A812B51F83740E00A09AAB /* Products */;
			projectDirPath = "";
			projectRoot = "";
			targets = (
				F3A812B31F83740E00A09AAB /* iOSSampleApp */,
				F3208A791F84E48100B57B0E /* iOSSampleAppTests */,
				F35BD6352065111F000AE4E8 /* iOSSampleAppUITests */,
			);
		};
/* End PBXProject section */

/* Begin PBXResourcesBuildPhase section */
		F3208A781F84E48100B57B0E /* Resources */ = {
			isa = PBXResourcesBuildPhase;
			buildActionMask = 2147483647;
			files = (
			);
			runOnlyForDeploymentPostprocessing = 0;
		};
		F35BD6342065111F000AE4E8 /* Resources */ = {
			isa = PBXResourcesBuildPhase;
			buildActionMask = 2147483647;
			files = (
			);
			runOnlyForDeploymentPostprocessing = 0;
		};
		F3A812B21F83740E00A09AAB /* Resources */ = {
			isa = PBXResourcesBuildPhase;
			buildActionMask = 2147483647;
			files = (
				F3D9327C21628CDE00EA1E91 /* Localizable.strings in Resources */,
				F3D9328521628D2300EA1E91 /* Localizable.strings in Resources */,
				F3A4B2171FC432CA00787BCE /* Licenses.plist in Resources */,
				F3A813061F837AA400A09AAB /* Setup.storyboard in Resources */,
				F3A812C21F83740E00A09AAB /* LaunchScreen.storyboard in Resources */,
				F3A4B2191FC4331000787BCE /* About.storyboard in Resources */,
				F38CD1C21F8385450050056C /* sources.json in Resources */,
				F3A812BF1F83740E00A09AAB /* Assets.xcassets in Resources */,
			);
			runOnlyForDeploymentPostprocessing = 0;
		};
/* End PBXResourcesBuildPhase section */

/* Begin PBXShellScriptBuildPhase section */
		F32EAB1D1FCD517E007E4CED /* SwiftLint */ = {
			isa = PBXShellScriptBuildPhase;
			alwaysOutOfDate = 1;
			buildActionMask = 2147483647;
			files = (
			);
			inputPaths = (
			);
			name = SwiftLint;
			outputPaths = (
			);
			runOnlyForDeploymentPostprocessing = 0;
			shellPath = /bin/sh;
			shellScript = "$SRCROOT/Build-Phases/lint.sh\n";
		};
		F3FEEBB521628E2B00D1CF9E /* Generate strings */ = {
			isa = PBXShellScriptBuildPhase;
			buildActionMask = 2147483647;
			files = (
			);
			inputPaths = (
				"$(SRCROOT)/iOSSampleApp/Resources/Base.lproj/Localizable.strings",
			);
			name = "Generate strings";
			outputPaths = (
				"$(SRCROOT)/iOSSampleApp/Resources/Strings.swift",
			);
			runOnlyForDeploymentPostprocessing = 0;
			shellPath = /bin/sh;
			shellScript = "$SRCROOT/Build-Phases/generate-strings.sh\n";
		};
		F3FEEBB621628FEA00D1CF9E /* Check strings */ = {
			isa = PBXShellScriptBuildPhase;
			alwaysOutOfDate = 1;
			buildActionMask = 2147483647;
			files = (
			);
			inputPaths = (
				"$(SRCROOT)/iOSSampleApp/Resources/Base.lproj/Localizable.strings",
				"$(SRCROOT)/iOSSampleApp/Resources/sk.lproj/Localizable.strings",
			);
			name = "Check strings";
			outputPaths = (
			);
			runOnlyForDeploymentPostprocessing = 0;
			shellPath = /bin/sh;
			shellScript = "$SRCROOT/Build-Phases/check-strings.sh\n";
		};
/* End PBXShellScriptBuildPhase section */

/* Begin PBXSourcesBuildPhase section */
		F3208A761F84E48100B57B0E /* Sources */ = {
			isa = PBXSourcesBuildPhase;
			buildActionMask = 2147483647;
			files = (
				F3208A921F84EAF400B57B0E /* CustomSourceViewModelTests.swift in Sources */,
				F3C8DB3B214EA1B700C1A654 /* DataServiceMock.swift in Sources */,
				F3C8DB41214EA7F200C1A654 /* FeedViewModelTests.swift in Sources */,
				F3D6865C1F9B761E00879154 /* TestExtensions.swift in Sources */,
				F3C8DB3D214EA1E700C1A654 /* SettingsServiceMock.swift in Sources */,
				F3A9678C21AC3961005E7F3F /* ViewControllerLeakTests+Setup.swift in Sources */,
				F300AE28244F71DA00F5E060 /* RxBlocking.swift in Sources */,
				F3C8DB3F214EA3AA00C1A654 /* SourceSelectionViewModelTests.swift in Sources */,
				F3208A891F84E83900B57B0E /* DataServiceTests.swift in Sources */,
				F3A9678A21AC38D8005E7F3F /* ViewControllerLeakTests.swift in Sources */,
			);
			runOnlyForDeploymentPostprocessing = 0;
		};
		F35BD6322065111F000AE4E8 /* Sources */ = {
			isa = PBXSourcesBuildPhase;
			buildActionMask = 2147483647;
			files = (
				F35BD6392065111F000AE4E8 /* AppUITests.swift in Sources */,
				F3EEA696234A3BE800A2FCB5 /* SnapshotHelper.swift in Sources */,
			);
			runOnlyForDeploymentPostprocessing = 0;
		};
		F3A812B01F83740E00A09AAB /* Sources */ = {
			isa = PBXSourcesBuildPhase;
			buildActionMask = 2147483647;
			files = (
				F3C5F3572961C60A00257080 /* LibraryCell.swift in Sources */,
				F3C7CFDD2423AF4C003A961E /* URL+Extensions.swift in Sources */,
				F33A1F4124C9866F008ED2BD /* Log.swift in Sources */,
				F38CD1BD1F8382950050056C /* RssSourceViewModel.swift in Sources */,
				F3A813021F837A8200A09AAB /* SourceSelectionViewController.swift in Sources */,
				F38CD1C01F8384490050056C /* Bundle+Extensions.swift in Sources */,
				F3ABC2BA2285F6D00010BAF0 /* Array+Extensions.swift in Sources */,
				F39064991F84DBA7003C0C12 /* RssDataService.swift in Sources */,
				F3CBB19621CCFFA00023EE18 /* RxSwift+WKWebView.swift in Sources */,
				F3A812D51F83754100A09AAB /* AppDelegate+Setup.swift in Sources */,
				F3A813111F837DC900A09AAB /* SourceSelectionViewModel.swift in Sources */,
				F3A813131F837ECF00A09AAB /* String+Extensions.swift in Sources */,
				F390649E1F84DF6B003C0C12 /* FeedCell.swift in Sources */,
				F3A813091F837AF400A09AAB /* RssSource.swift in Sources */,
				F3A4B21B1FC434C300787BCE /* LibrariesViewController.swift in Sources */,
				F3A813001F837A6500A09AAB /* FeedViewController.swift in Sources */,
				F3A812E11F83766400A09AAB /* StoryboardLodable.swift in Sources */,
				F38CD2331F83A6040050056C /* CustomSourceViewModel.swift in Sources */,
				F3AAA6261F86113A009653B7 /* UINavigationController+Extensions.swift in Sources */,
				F3C5F3522961BB1200257080 /* Operators.swift in Sources */,
				F3A4B2151FC42FD200787BCE /* AboutViewController.swift in Sources */,
				F37781152085E14C00146DBE /* Optional+Extensions.swift in Sources */,
				F3A4B21D1FC434EC00787BCE /* LibrariesViewModel.swift in Sources */,
				F3A4B21F1FC4359A00787BCE /* AboutCoordinator.swift in Sources */,
				F3651D26203C1B3A0082A73A /* SettingsService.swift in Sources */,
				F3A812FE1F83791C00A09AAB /* UserDefaultsSettingsService.swift in Sources */,
				F3A812B81F83740E00A09AAB /* AppDelegate.swift in Sources */,
				F38CD2371F83AEC70050056C /* UIScrollView+Extensions.swift in Sources */,
				F3651D22203C1B0D0082A73A /* DataService.swift in Sources */,
				F3C5F3542961BD8300257080 /* UIView+Layout.swift in Sources */,
				F38CD22F1F83A2B90050056C /* CustomSourceViewController.swift in Sources */,
				F3520E74206017000011EF40 /* Strings.swift in Sources */,
				F39064951F84D4D8003C0C12 /* FeedViewModel.swift in Sources */,
				F38CD1CD1F8386A00050056C /* RssSourceCell.swift in Sources */,
				F3A812DF1F83762A00A09AAB /* Container+Extensions.swift in Sources */,
				F390649B1F84DC7A003C0C12 /* RssItem.swift in Sources */,
				F3A4B2211FC43C0B00787BCE /* AboutViewModel.swift in Sources */,
				F3A812DC1F8375DF00A09AAB /* AppCoordinator.swift in Sources */,
				F3A8130B1F837B0E00A09AAB /* SetupCoordinator.swift in Sources */,
				F3A812D81F8375A100A09AAB /* Coordinator.swift in Sources */,
				F3D7D14B2441C599001695B9 /* DebugUtils.swift in Sources */,
				F3A8130F1F837C0800A09AAB /* FeedCoordinator.swift in Sources */,
				F33EB3FE1FBDD81F0050560D /* UIViewController+Extensions.swift in Sources */,
				F3AAA6221F860E55009653B7 /* DetailViewController.swift in Sources */,
				F38CD2351F83AB9E0050056C /* Reactive+Extensions.swift in Sources */,
			);
			runOnlyForDeploymentPostprocessing = 0;
		};
/* End PBXSourcesBuildPhase section */

/* Begin PBXTargetDependency section */
		F3208A801F84E48100B57B0E /* PBXTargetDependency */ = {
			isa = PBXTargetDependency;
			target = F3A812B31F83740E00A09AAB /* iOSSampleApp */;
			targetProxy = F3208A7F1F84E48100B57B0E /* PBXContainerItemProxy */;
		};
		F35BD63C2065111F000AE4E8 /* PBXTargetDependency */ = {
			isa = PBXTargetDependency;
			target = F3A812B31F83740E00A09AAB /* iOSSampleApp */;
			targetProxy = F35BD63B2065111F000AE4E8 /* PBXContainerItemProxy */;
		};
/* End PBXTargetDependency section */

/* Begin PBXVariantGroup section */
		F3A812C01F83740E00A09AAB /* LaunchScreen.storyboard */ = {
			isa = PBXVariantGroup;
			children = (
				F3A812C11F83740E00A09AAB /* Base */,
			);
			name = LaunchScreen.storyboard;
			sourceTree = "<group>";
		};
		F3D9327E21628CDE00EA1E91 /* Localizable.strings */ = {
			isa = PBXVariantGroup;
			children = (
				F3D9327F21628CE200EA1E91 /* Base */,
			);
			name = Localizable.strings;
			sourceTree = "<group>";
		};
		F3D9328321628D2300EA1E91 /* Localizable.strings */ = {
			isa = PBXVariantGroup;
			children = (
				F3D9328421628D2300EA1E91 /* sk */,
			);
			name = Localizable.strings;
			sourceTree = "<group>";
		};
/* End PBXVariantGroup section */

/* Begin XCBuildConfiguration section */
		F3208A811F84E48100B57B0E /* Debug */ = {
			isa = XCBuildConfiguration;
			buildSettings = {
				BUNDLE_LOADER = "$(TEST_HOST)";
				CLANG_ENABLE_MODULES = YES;
				CODE_SIGN_STYLE = Automatic;
				DEVELOPMENT_TEAM = S6EJ3ZVM4G;
				INFOPLIST_FILE = iOSSampleAppTests/Info.plist;
				LD_RUNPATH_SEARCH_PATHS = (
					"$(inherited)",
					"@executable_path/Frameworks",
					"@loader_path/Frameworks",
				);
				PRODUCT_BUNDLE_IDENTIFIER = sk.kulman.iOSSampleAppTests;
				PRODUCT_NAME = "$(TARGET_NAME)";
				SWIFT_OPTIMIZATION_LEVEL = "-Onone";
				SWIFT_VERSION = 5.0;
				TARGETED_DEVICE_FAMILY = "1,2";
				TEST_HOST = "$(BUILT_PRODUCTS_DIR)/iOSSampleApp.app/iOSSampleApp";
			};
			name = Debug;
		};
		F3208A821F84E48100B57B0E /* Release */ = {
			isa = XCBuildConfiguration;
			buildSettings = {
				BUNDLE_LOADER = "$(TEST_HOST)";
				CLANG_ENABLE_MODULES = YES;
				CODE_SIGN_STYLE = Automatic;
				DEVELOPMENT_TEAM = S6EJ3ZVM4G;
				INFOPLIST_FILE = iOSSampleAppTests/Info.plist;
				LD_RUNPATH_SEARCH_PATHS = (
					"$(inherited)",
					"@executable_path/Frameworks",
					"@loader_path/Frameworks",
				);
				PRODUCT_BUNDLE_IDENTIFIER = sk.kulman.iOSSampleAppTests;
				PRODUCT_NAME = "$(TARGET_NAME)";
				SWIFT_VERSION = 5.0;
				TARGETED_DEVICE_FAMILY = "1,2";
				TEST_HOST = "$(BUILT_PRODUCTS_DIR)/iOSSampleApp.app/iOSSampleApp";
			};
			name = Release;
		};
		F35BD63D2065111F000AE4E8 /* Debug */ = {
			isa = XCBuildConfiguration;
			buildSettings = {
				CODE_SIGN_STYLE = Automatic;
				DEVELOPMENT_TEAM = S6EJ3ZVM4G;
				INFOPLIST_FILE = iOSSampleAppUITests/Info.plist;
				IPHONEOS_DEPLOYMENT_TARGET = 12.0;
				LD_RUNPATH_SEARCH_PATHS = (
					"$(inherited)",
					"@executable_path/Frameworks",
					"@loader_path/Frameworks",
				);
				PRODUCT_BUNDLE_IDENTIFIER = sk.kulman.iOSSampleAppUITests;
				PRODUCT_NAME = "$(TARGET_NAME)";
				SWIFT_VERSION = 5.0;
				TARGETED_DEVICE_FAMILY = "1,2";
				TEST_TARGET_NAME = iOSSampleApp;
			};
			name = Debug;
		};
		F35BD63E2065111F000AE4E8 /* Release */ = {
			isa = XCBuildConfiguration;
			buildSettings = {
				CODE_SIGN_STYLE = Automatic;
				DEVELOPMENT_TEAM = S6EJ3ZVM4G;
				INFOPLIST_FILE = iOSSampleAppUITests/Info.plist;
				IPHONEOS_DEPLOYMENT_TARGET = 12.0;
				LD_RUNPATH_SEARCH_PATHS = (
					"$(inherited)",
					"@executable_path/Frameworks",
					"@loader_path/Frameworks",
				);
				PRODUCT_BUNDLE_IDENTIFIER = sk.kulman.iOSSampleAppUITests;
				PRODUCT_NAME = "$(TARGET_NAME)";
				SWIFT_VERSION = 5.0;
				TARGETED_DEVICE_FAMILY = "1,2";
				TEST_TARGET_NAME = iOSSampleApp;
			};
			name = Release;
		};
		F3A812C41F83740E00A09AAB /* Debug */ = {
			isa = XCBuildConfiguration;
			buildSettings = {
				ALWAYS_SEARCH_USER_PATHS = NO;
				CLANG_ANALYZER_LOCALIZABILITY_NONLOCALIZED = YES;
				CLANG_ANALYZER_NONNULL = YES;
				CLANG_ANALYZER_NUMBER_OBJECT_CONVERSION = YES_AGGRESSIVE;
				CLANG_CXX_LANGUAGE_STANDARD = "gnu++14";
				CLANG_CXX_LIBRARY = "libc++";
				CLANG_ENABLE_MODULES = YES;
				CLANG_ENABLE_OBJC_ARC = YES;
				CLANG_WARN_BLOCK_CAPTURE_AUTORELEASING = YES;
				CLANG_WARN_BOOL_CONVERSION = YES;
				CLANG_WARN_COMMA = YES;
				CLANG_WARN_CONSTANT_CONVERSION = YES;
				CLANG_WARN_DEPRECATED_OBJC_IMPLEMENTATIONS = YES;
				CLANG_WARN_DIRECT_OBJC_ISA_USAGE = YES_ERROR;
				CLANG_WARN_DOCUMENTATION_COMMENTS = YES;
				CLANG_WARN_EMPTY_BODY = YES;
				CLANG_WARN_ENUM_CONVERSION = YES;
				CLANG_WARN_INFINITE_RECURSION = YES;
				CLANG_WARN_INT_CONVERSION = YES;
				CLANG_WARN_NON_LITERAL_NULL_CONVERSION = YES;
				CLANG_WARN_OBJC_IMPLICIT_RETAIN_SELF = YES;
				CLANG_WARN_OBJC_LITERAL_CONVERSION = YES;
				CLANG_WARN_OBJC_ROOT_CLASS = YES_ERROR;
				CLANG_WARN_QUOTED_INCLUDE_IN_FRAMEWORK_HEADER = YES;
				CLANG_WARN_RANGE_LOOP_ANALYSIS = YES;
				CLANG_WARN_STRICT_PROTOTYPES = YES;
				CLANG_WARN_SUSPICIOUS_MOVE = YES;
				CLANG_WARN_UNGUARDED_AVAILABILITY = YES_AGGRESSIVE;
				CLANG_WARN_UNREACHABLE_CODE = YES;
				CLANG_WARN__DUPLICATE_METHOD_MATCH = YES;
				CODE_SIGN_IDENTITY = "iPhone Developer";
				COPY_PHASE_STRIP = NO;
				DEBUG_INFORMATION_FORMAT = dwarf;
				ENABLE_STRICT_OBJC_MSGSEND = YES;
				ENABLE_TESTABILITY = YES;
				GCC_C_LANGUAGE_STANDARD = gnu11;
				GCC_DYNAMIC_NO_PIC = NO;
				GCC_NO_COMMON_BLOCKS = YES;
				GCC_OPTIMIZATION_LEVEL = 0;
				GCC_PREPROCESSOR_DEFINITIONS = (
					"DEBUG=1",
					"$(inherited)",
				);
				GCC_WARN_64_TO_32_BIT_CONVERSION = YES;
				GCC_WARN_ABOUT_RETURN_TYPE = YES_ERROR;
				GCC_WARN_UNDECLARED_SELECTOR = YES;
				GCC_WARN_UNINITIALIZED_AUTOS = YES_AGGRESSIVE;
				GCC_WARN_UNUSED_FUNCTION = YES;
				GCC_WARN_UNUSED_VARIABLE = YES;
				IPHONEOS_DEPLOYMENT_TARGET = 13.0;
				MTL_ENABLE_DEBUG_INFO = YES;
				ONLY_ACTIVE_ARCH = YES;
				SDKROOT = iphoneos;
				SWIFT_ACTIVE_COMPILATION_CONDITIONS = DEBUG;
				SWIFT_OPTIMIZATION_LEVEL = "-Onone";
			};
			name = Debug;
		};
		F3A812C51F83740E00A09AAB /* Release */ = {
			isa = XCBuildConfiguration;
			buildSettings = {
				ALWAYS_SEARCH_USER_PATHS = NO;
				CLANG_ANALYZER_LOCALIZABILITY_NONLOCALIZED = YES;
				CLANG_ANALYZER_NONNULL = YES;
				CLANG_ANALYZER_NUMBER_OBJECT_CONVERSION = YES_AGGRESSIVE;
				CLANG_CXX_LANGUAGE_STANDARD = "gnu++14";
				CLANG_CXX_LIBRARY = "libc++";
				CLANG_ENABLE_MODULES = YES;
				CLANG_ENABLE_OBJC_ARC = YES;
				CLANG_WARN_BLOCK_CAPTURE_AUTORELEASING = YES;
				CLANG_WARN_BOOL_CONVERSION = YES;
				CLANG_WARN_COMMA = YES;
				CLANG_WARN_CONSTANT_CONVERSION = YES;
				CLANG_WARN_DEPRECATED_OBJC_IMPLEMENTATIONS = YES;
				CLANG_WARN_DIRECT_OBJC_ISA_USAGE = YES_ERROR;
				CLANG_WARN_DOCUMENTATION_COMMENTS = YES;
				CLANG_WARN_EMPTY_BODY = YES;
				CLANG_WARN_ENUM_CONVERSION = YES;
				CLANG_WARN_INFINITE_RECURSION = YES;
				CLANG_WARN_INT_CONVERSION = YES;
				CLANG_WARN_NON_LITERAL_NULL_CONVERSION = YES;
				CLANG_WARN_OBJC_IMPLICIT_RETAIN_SELF = YES;
				CLANG_WARN_OBJC_LITERAL_CONVERSION = YES;
				CLANG_WARN_OBJC_ROOT_CLASS = YES_ERROR;
				CLANG_WARN_QUOTED_INCLUDE_IN_FRAMEWORK_HEADER = YES;
				CLANG_WARN_RANGE_LOOP_ANALYSIS = YES;
				CLANG_WARN_STRICT_PROTOTYPES = YES;
				CLANG_WARN_SUSPICIOUS_MOVE = YES;
				CLANG_WARN_UNGUARDED_AVAILABILITY = YES_AGGRESSIVE;
				CLANG_WARN_UNREACHABLE_CODE = YES;
				CLANG_WARN__DUPLICATE_METHOD_MATCH = YES;
				CODE_SIGN_IDENTITY = "iPhone Developer";
				COPY_PHASE_STRIP = NO;
				DEBUG_INFORMATION_FORMAT = "dwarf-with-dsym";
				ENABLE_NS_ASSERTIONS = NO;
				ENABLE_STRICT_OBJC_MSGSEND = YES;
				GCC_C_LANGUAGE_STANDARD = gnu11;
				GCC_NO_COMMON_BLOCKS = YES;
				GCC_WARN_64_TO_32_BIT_CONVERSION = YES;
				GCC_WARN_ABOUT_RETURN_TYPE = YES_ERROR;
				GCC_WARN_UNDECLARED_SELECTOR = YES;
				GCC_WARN_UNINITIALIZED_AUTOS = YES_AGGRESSIVE;
				GCC_WARN_UNUSED_FUNCTION = YES;
				GCC_WARN_UNUSED_VARIABLE = YES;
				IPHONEOS_DEPLOYMENT_TARGET = 13.0;
				MTL_ENABLE_DEBUG_INFO = NO;
				SDKROOT = iphoneos;
				SWIFT_COMPILATION_MODE = wholemodule;
				SWIFT_OPTIMIZATION_LEVEL = "-O";
				VALIDATE_PRODUCT = YES;
			};
			name = Release;
		};
		F3A812C71F83740E00A09AAB /* Debug */ = {
			isa = XCBuildConfiguration;
			buildSettings = {
				ASSETCATALOG_COMPILER_APPICON_NAME = AppIcon;
				CODE_SIGN_STYLE = Automatic;
				DEVELOPMENT_TEAM = S6EJ3ZVM4G;
				INFOPLIST_FILE = iOSSampleApp/Info.plist;
				LD_RUNPATH_SEARCH_PATHS = (
					"$(inherited)",
					"@executable_path/Frameworks",
				);
				PRODUCT_BUNDLE_IDENTIFIER = sk.kulman.iOSSampleApp;
				PRODUCT_NAME = "$(TARGET_NAME)";
				SWIFT_VERSION = 5.0;
				TARGETED_DEVICE_FAMILY = "1,2";
			};
			name = Debug;
		};
		F3A812C81F83740E00A09AAB /* Release */ = {
			isa = XCBuildConfiguration;
			buildSettings = {
				ASSETCATALOG_COMPILER_APPICON_NAME = AppIcon;
				CODE_SIGN_STYLE = Automatic;
				DEVELOPMENT_TEAM = S6EJ3ZVM4G;
				INFOPLIST_FILE = iOSSampleApp/Info.plist;
				LD_RUNPATH_SEARCH_PATHS = (
					"$(inherited)",
					"@executable_path/Frameworks",
				);
				PRODUCT_BUNDLE_IDENTIFIER = sk.kulman.iOSSampleApp;
				PRODUCT_NAME = "$(TARGET_NAME)";
				SWIFT_VERSION = 5.0;
				TARGETED_DEVICE_FAMILY = "1,2";
			};
			name = Release;
		};
/* End XCBuildConfiguration section */

/* Begin XCConfigurationList section */
		F3208A831F84E48100B57B0E /* Build configuration list for PBXNativeTarget "iOSSampleAppTests" */ = {
			isa = XCConfigurationList;
			buildConfigurations = (
				F3208A811F84E48100B57B0E /* Debug */,
				F3208A821F84E48100B57B0E /* Release */,
			);
			defaultConfigurationIsVisible = 0;
			defaultConfigurationName = Release;
		};
		F35BD63F2065111F000AE4E8 /* Build configuration list for PBXNativeTarget "iOSSampleAppUITests" */ = {
			isa = XCConfigurationList;
			buildConfigurations = (
				F35BD63D2065111F000AE4E8 /* Debug */,
				F35BD63E2065111F000AE4E8 /* Release */,
			);
			defaultConfigurationIsVisible = 0;
			defaultConfigurationName = Release;
		};
		F3A812AF1F83740E00A09AAB /* Build configuration list for PBXProject "iOSSampleApp" */ = {
			isa = XCConfigurationList;
			buildConfigurations = (
				F3A812C41F83740E00A09AAB /* Debug */,
				F3A812C51F83740E00A09AAB /* Release */,
			);
			defaultConfigurationIsVisible = 0;
			defaultConfigurationName = Release;
		};
		F3A812C61F83740E00A09AAB /* Build configuration list for PBXNativeTarget "iOSSampleApp" */ = {
			isa = XCConfigurationList;
			buildConfigurations = (
				F3A812C71F83740E00A09AAB /* Debug */,
				F3A812C81F83740E00A09AAB /* Release */,
			);
			defaultConfigurationIsVisible = 0;
			defaultConfigurationName = Release;
		};
/* End XCConfigurationList section */

/* Begin XCRemoteSwiftPackageReference section */
		F300AE1D244F700300F5E060 /* XCRemoteSwiftPackageReference "Nimble" */ = {
			isa = XCRemoteSwiftPackageReference;
			repositoryURL = "https://github.com/Quick/Nimble";
			requirement = {
				kind = exactVersion;
				version = 8.0.7;
			};
		};
		F300AE20244F708C00F5E060 /* XCRemoteSwiftPackageReference "Quick" */ = {
			isa = XCRemoteSwiftPackageReference;
			repositoryURL = "https://github.com/Quick/Quick";
			requirement = {
				kind = exactVersion;
				version = 2.2.0;
			};
		};
		F300AE29244F76DC00F5E060 /* XCRemoteSwiftPackageReference "NotificationBanner" */ = {
			isa = XCRemoteSwiftPackageReference;
			repositoryURL = "https://github.com/Daltron/NotificationBanner";
			requirement = {
				kind = exactVersion;
				version = 3.0.4;
			};
		};
		F33474E5244F64220034B1C2 /* XCRemoteSwiftPackageReference "RxSwift" */ = {
			isa = XCRemoteSwiftPackageReference;
			repositoryURL = "https://github.com/ReactiveX/RxSwift";
			requirement = {
				kind = exactVersion;
				version = 6.0.0;
			};
		};
		F33474EC244F645A0034B1C2 /* XCRemoteSwiftPackageReference "Swinject" */ = {
			isa = XCRemoteSwiftPackageReference;
			repositoryURL = "https://github.com/Swinject/Swinject";
			requirement = {
				kind = exactVersion;
				version = 2.7.1;
			};
		};
		F33474EF244F64900034B1C2 /* XCRemoteSwiftPackageReference "SwinjectAutoregistration" */ = {
			isa = XCRemoteSwiftPackageReference;
			repositoryURL = "https://github.com/Swinject/SwinjectAutoregistration";
			requirement = {
				kind = exactVersion;
				version = 2.7.0;
			};
		};
		F33474F2244F64D80034B1C2 /* XCRemoteSwiftPackageReference "Reusable" */ = {
			isa = XCRemoteSwiftPackageReference;
			repositoryURL = "https://github.com/AliSoftware/Reusable";
			requirement = {
				kind = exactVersion;
				version = 4.1.1;
			};
		};
		F33474F5244F65050034B1C2 /* XCRemoteSwiftPackageReference "FeedKit" */ = {
			isa = XCRemoteSwiftPackageReference;
			repositoryURL = "https://github.com/nmdias/FeedKit";
			requirement = {
				kind = exactVersion;
				version = 9.1.2;
			};
		};
		F33474F8244F67270034B1C2 /* XCRemoteSwiftPackageReference "RxSwiftExt" */ = {
			isa = XCRemoteSwiftPackageReference;
			repositoryURL = "https://github.com/RxSwiftCommunity/RxSwiftExt";
			requirement = {
				kind = exactVersion;
				version = 6.0.0;
			};
		};
		F376423425A4689800C58CE5 /* XCRemoteSwiftPackageReference "Nuke" */ = {
			isa = XCRemoteSwiftPackageReference;
			repositoryURL = "https://github.com/kean/Nuke";
			requirement = {
				kind = exactVersion;
				version = 9.2.3;
			};
		};
		F382F15624584B0A00861DDF /* XCRemoteSwiftPackageReference "specleaks" */ = {
			isa = XCRemoteSwiftPackageReference;
			repositoryURL = "https://github.com/leandromperez/specleaks";
			requirement = {
				kind = revision;
				revision = b102b637e2ea2f38fe3baac5b2a7cfa79e73cfc2;
			};
		};
/* End XCRemoteSwiftPackageReference section */

/* Begin XCSwiftPackageProductDependency section */
		F300AE1E244F700300F5E060 /* Nimble */ = {
			isa = XCSwiftPackageProductDependency;
			package = F300AE1D244F700300F5E060 /* XCRemoteSwiftPackageReference "Nimble" */;
			productName = Nimble;
		};
		F300AE21244F708C00F5E060 /* Quick */ = {
			isa = XCSwiftPackageProductDependency;
			package = F300AE20244F708C00F5E060 /* XCRemoteSwiftPackageReference "Quick" */;
			productName = Quick;
		};
		F300AE2A244F76DD00F5E060 /* NotificationBannerSwift */ = {
			isa = XCSwiftPackageProductDependency;
			package = F300AE29244F76DC00F5E060 /* XCRemoteSwiftPackageReference "NotificationBanner" */;
			productName = NotificationBannerSwift;
		};
		F33474E6244F64220034B1C2 /* RxSwift */ = {
			isa = XCSwiftPackageProductDependency;
			package = F33474E5244F64220034B1C2 /* XCRemoteSwiftPackageReference "RxSwift" */;
			productName = RxSwift;
		};
		F33474E8244F64220034B1C2 /* RxCocoa */ = {
			isa = XCSwiftPackageProductDependency;
			package = F33474E5244F64220034B1C2 /* XCRemoteSwiftPackageReference "RxSwift" */;
			productName = RxCocoa;
		};
		F33474EA244F64220034B1C2 /* RxRelay */ = {
			isa = XCSwiftPackageProductDependency;
			package = F33474E5244F64220034B1C2 /* XCRemoteSwiftPackageReference "RxSwift" */;
			productName = RxRelay;
		};
		F33474ED244F645A0034B1C2 /* Swinject */ = {
			isa = XCSwiftPackageProductDependency;
			package = F33474EC244F645A0034B1C2 /* XCRemoteSwiftPackageReference "Swinject" */;
			productName = Swinject;
		};
		F33474F0244F64900034B1C2 /* SwinjectAutoregistration */ = {
			isa = XCSwiftPackageProductDependency;
			package = F33474EF244F64900034B1C2 /* XCRemoteSwiftPackageReference "SwinjectAutoregistration" */;
			productName = SwinjectAutoregistration;
		};
		F33474F3244F64D80034B1C2 /* Reusable */ = {
			isa = XCSwiftPackageProductDependency;
			package = F33474F2244F64D80034B1C2 /* XCRemoteSwiftPackageReference "Reusable" */;
			productName = Reusable;
		};
		F33474F6244F65050034B1C2 /* FeedKit */ = {
			isa = XCSwiftPackageProductDependency;
			package = F33474F5244F65050034B1C2 /* XCRemoteSwiftPackageReference "FeedKit" */;
			productName = FeedKit;
		};
		F33474F9244F67270034B1C2 /* RxSwiftExt */ = {
			isa = XCSwiftPackageProductDependency;
			package = F33474F8244F67270034B1C2 /* XCRemoteSwiftPackageReference "RxSwiftExt" */;
			productName = RxSwiftExt;
		};
		F376423525A4689800C58CE5 /* Nuke */ = {
			isa = XCSwiftPackageProductDependency;
			package = F376423425A4689800C58CE5 /* XCRemoteSwiftPackageReference "Nuke" */;
			productName = Nuke;
		};
		F382F15724584B0A00861DDF /* SpecLeaks */ = {
			isa = XCSwiftPackageProductDependency;
			package = F382F15624584B0A00861DDF /* XCRemoteSwiftPackageReference "specleaks" */;
			productName = SpecLeaks;
		};
/* End XCSwiftPackageProductDependency section */
	};
	rootObject = F3A812AC1F83740E00A09AAB /* Project object */;
}
