// !$*UTF8*$!
{
	archiveVersion = 1;
	classes = {
	};
	objectVersion = 53;
	objects = {

/* Begin PBXBuildFile section */
		F32344DF29D8797100B1886D /* Scenarios in Frameworks */ = {isa = PBXBuildFile; productRef = F32344DE29D8797100B1886D /* Scenarios */; };
		F35BD6392065111F000AE4E8 /* AppUITests.swift in Sources */ = {isa = PBXBuildFile; fileRef = F35BD6382065111F000AE4E8 /* AppUITests.swift */; };
		F3A812B81F83740E00A09AAB /* AppDelegate.swift in Sources */ = {isa = PBXBuildFile; fileRef = F3A812B71F83740E00A09AAB /* AppDelegate.swift */; };
		F3A812BF1F83740E00A09AAB /* Assets.xcassets in Resources */ = {isa = PBXBuildFile; fileRef = F3A812BE1F83740E00A09AAB /* Assets.xcassets */; };
		F3A812C21F83740E00A09AAB /* LaunchScreen.storyboard in Resources */ = {isa = PBXBuildFile; fileRef = F3A812C01F83740E00A09AAB /* LaunchScreen.storyboard */; };
		F3EEA696234A3BE800A2FCB5 /* SnapshotHelper.swift in Sources */ = {isa = PBXBuildFile; fileRef = F3EEA695234A3BE800A2FCB5 /* SnapshotHelper.swift */; };
/* End PBXBuildFile section */

/* Begin PBXContainerItemProxy section */
		F35BD63B2065111F000AE4E8 /* PBXContainerItemProxy */ = {
			isa = PBXContainerItemProxy;
			containerPortal = F3A812AC1F83740E00A09AAB /* Project object */;
			proxyType = 1;
			remoteGlobalIDString = F3A812B31F83740E00A09AAB;
			remoteInfo = iOSSampleApp;
		};
/* End PBXContainerItemProxy section */

/* Begin PBXFileReference section */
		F32344D829D867F400B1886D /* Scenarios */ = {isa = PBXFileReference; lastKnownFileType = wrapper; path = Scenarios; sourceTree = "<group>"; };
		F35BD6362065111F000AE4E8 /* iOSSampleAppUITests.xctest */ = {isa = PBXFileReference; explicitFileType = wrapper.cfbundle; includeInIndex = 0; path = iOSSampleAppUITests.xctest; sourceTree = BUILT_PRODUCTS_DIR; };
		F35BD6382065111F000AE4E8 /* AppUITests.swift */ = {isa = PBXFileReference; lastKnownFileType = sourcecode.swift; path = AppUITests.swift; sourceTree = "<group>"; };
		F35BD63A2065111F000AE4E8 /* Info.plist */ = {isa = PBXFileReference; lastKnownFileType = text.plist.xml; path = Info.plist; sourceTree = "<group>"; };
		F3A812B41F83740E00A09AAB /* iOSSampleApp.app */ = {isa = PBXFileReference; explicitFileType = wrapper.application; includeInIndex = 0; path = iOSSampleApp.app; sourceTree = BUILT_PRODUCTS_DIR; };
		F3A812B71F83740E00A09AAB /* AppDelegate.swift */ = {isa = PBXFileReference; lastKnownFileType = sourcecode.swift; path = AppDelegate.swift; sourceTree = "<group>"; };
		F3A812BE1F83740E00A09AAB /* Assets.xcassets */ = {isa = PBXFileReference; lastKnownFileType = folder.assetcatalog; path = Assets.xcassets; sourceTree = "<group>"; };
		F3A812C11F83740E00A09AAB /* Base */ = {isa = PBXFileReference; lastKnownFileType = file.storyboard; name = Base; path = Base.lproj/LaunchScreen.storyboard; sourceTree = "<group>"; };
		F3A812C31F83740E00A09AAB /* Info.plist */ = {isa = PBXFileReference; lastKnownFileType = text.plist.xml; path = Info.plist; sourceTree = "<group>"; };
		F3EEA695234A3BE800A2FCB5 /* SnapshotHelper.swift */ = {isa = PBXFileReference; fileEncoding = 4; lastKnownFileType = sourcecode.swift; name = SnapshotHelper.swift; path = ../../fastlane/SnapshotHelper.swift; sourceTree = "<group>"; };
/* End PBXFileReference section */

/* Begin PBXFrameworksBuildPhase section */
		F35BD6332065111F000AE4E8 /* Frameworks */ = {
			isa = PBXFrameworksBuildPhase;
			buildActionMask = 2147483647;
			files = (
			);
			runOnlyForDeploymentPostprocessing = 0;
		};
		F3A812B11F83740E00A09AAB /* Frameworks */ = {
			isa = PBXFrameworksBuildPhase;
			buildActionMask = 2147483647;
			files = (
				F32344DF29D8797100B1886D /* Scenarios in Frameworks */,
			);
			runOnlyForDeploymentPostprocessing = 0;
		};
/* End PBXFrameworksBuildPhase section */

/* Begin PBXGroup section */
		F35BD6372065111F000AE4E8 /* iOSSampleAppUITests */ = {
			isa = PBXGroup;
			children = (
				F3EEA695234A3BE800A2FCB5 /* SnapshotHelper.swift */,
				F35BD6382065111F000AE4E8 /* AppUITests.swift */,
				F35BD63A2065111F000AE4E8 /* Info.plist */,
			);
			path = iOSSampleAppUITests;
			sourceTree = "<group>";
		};
		F3A812AB1F83740E00A09AAB = {
			isa = PBXGroup;
			children = (
				F32344D829D867F400B1886D /* Scenarios */,
				F3A812B61F83740E00A09AAB /* iOSSampleApp */,
				F35BD6372065111F000AE4E8 /* iOSSampleAppUITests */,
				F3A812B51F83740E00A09AAB /* Products */,
				F3A812E21F8376A900A09AAB /* Frameworks */,
			);
			indentWidth = 4;
			sourceTree = "<group>";
			tabWidth = 4;
		};
		F3A812B51F83740E00A09AAB /* Products */ = {
			isa = PBXGroup;
			children = (
				F3A812B41F83740E00A09AAB /* iOSSampleApp.app */,
				F35BD6362065111F000AE4E8 /* iOSSampleAppUITests.xctest */,
			);
			name = Products;
			sourceTree = "<group>";
		};
		F3A812B61F83740E00A09AAB /* iOSSampleApp */ = {
			isa = PBXGroup;
			children = (
				F3A812B71F83740E00A09AAB /* AppDelegate.swift */,
				F3A812C01F83740E00A09AAB /* LaunchScreen.storyboard */,
				F3A812BE1F83740E00A09AAB /* Assets.xcassets */,
				F3A812C31F83740E00A09AAB /* Info.plist */,
			);
			path = iOSSampleApp;
			sourceTree = "<group>";
		};
		F3A812E21F8376A900A09AAB /* Frameworks */ = {
			isa = PBXGroup;
			children = (
			);
			name = Frameworks;
			sourceTree = "<group>";
		};
/* End PBXGroup section */

/* Begin PBXNativeTarget section */
		F35BD6352065111F000AE4E8 /* iOSSampleAppUITests */ = {
			isa = PBXNativeTarget;
			buildConfigurationList = F35BD63F2065111F000AE4E8 /* Build configuration list for PBXNativeTarget "iOSSampleAppUITests" */;
			buildPhases = (
				F35BD6322065111F000AE4E8 /* Sources */,
				F35BD6332065111F000AE4E8 /* Frameworks */,
				F35BD6342065111F000AE4E8 /* Resources */,
			);
			buildRules = (
			);
			dependencies = (
				F35BD63C2065111F000AE4E8 /* PBXTargetDependency */,
			);
			name = iOSSampleAppUITests;
			productName = iOSSampleAppUITests;
			productReference = F35BD6362065111F000AE4E8 /* iOSSampleAppUITests.xctest */;
			productType = "com.apple.product-type.bundle.ui-testing";
		};
		F3A812B31F83740E00A09AAB /* iOSSampleApp */ = {
			isa = PBXNativeTarget;
			buildConfigurationList = F3A812C61F83740E00A09AAB /* Build configuration list for PBXNativeTarget "iOSSampleApp" */;
			buildPhases = (
				F3A812B01F83740E00A09AAB /* Sources */,
				F3A812B11F83740E00A09AAB /* Frameworks */,
				F3A812B21F83740E00A09AAB /* Resources */,
			);
			buildRules = (
			);
			dependencies = (
				F32344E229D87E6700B1886D /* PBXTargetDependency */,
			);
			name = iOSSampleApp;
			packageProductDependencies = (
				F32344DE29D8797100B1886D /* Scenarios */,
			);
			productName = iOSSampleApp;
			productReference = F3A812B41F83740E00A09AAB /* iOSSampleApp.app */;
			productType = "com.apple.product-type.application";
		};
/* End PBXNativeTarget section */

/* Begin PBXProject section */
		F3A812AC1F83740E00A09AAB /* Project object */ = {
			isa = PBXProject;
			attributes = {
				BuildIndependentTargetsInParallel = YES;
				LastSwiftUpdateCheck = 0920;
				LastUpgradeCheck = 1430;
				ORGANIZATIONNAME = "Igor Kulman";
				TargetAttributes = {
					F35BD6352065111F000AE4E8 = {
						CreatedOnToolsVersion = 9.2;
						LastSwiftMigration = 1020;
						ProvisioningStyle = Automatic;
						TestTargetID = F3A812B31F83740E00A09AAB;
					};
					F3A812B31F83740E00A09AAB = {
						CreatedOnToolsVersion = 9.0;
						LastSwiftMigration = 1020;
						ProvisioningStyle = Automatic;
					};
				};
			};
			buildConfigurationList = F3A812AF1F83740E00A09AAB /* Build configuration list for PBXProject "iOSSampleApp" */;
			compatibilityVersion = "Xcode 8.0";
			developmentRegion = en;
			hasScannedForEncodings = 0;
			knownRegions = (
				en,
				Base,
				sk,
			);
			mainGroup = F3A812AB1F83740E00A09AAB;
			packageReferences = (
				F32344E029D87E5500B1886D /* XCRemoteSwiftPackageReference "SwiftLint" */,
			);
			productRefGroup = F3A812B51F83740E00A09AAB /* Products */;
			projectDirPath = "";
			projectRoot = "";
			targets = (
				F3A812B31F83740E00A09AAB /* iOSSampleApp */,
				F35BD6352065111F000AE4E8 /* iOSSampleAppUITests */,
			);
		};
/* End PBXProject section */

/* Begin PBXResourcesBuildPhase section */
		F35BD6342065111F000AE4E8 /* Resources */ = {
			isa = PBXResourcesBuildPhase;
			buildActionMask = 2147483647;
			files = (
			);
			runOnlyForDeploymentPostprocessing = 0;
		};
		F3A812B21F83740E00A09AAB /* Resources */ = {
			isa = PBXResourcesBuildPhase;
			buildActionMask = 2147483647;
			files = (
				F3A812C21F83740E00A09AAB /* LaunchScreen.storyboard in Resources */,
				F3A812BF1F83740E00A09AAB /* Assets.xcassets in Resources */,
			);
			runOnlyForDeploymentPostprocessing = 0;
		};
/* End PBXResourcesBuildPhase section */

/* Begin PBXSourcesBuildPhase section */
		F35BD6322065111F000AE4E8 /* Sources */ = {
			isa = PBXSourcesBuildPhase;
			buildActionMask = 2147483647;
			files = (
				F35BD6392065111F000AE4E8 /* AppUITests.swift in Sources */,
				F3EEA696234A3BE800A2FCB5 /* SnapshotHelper.swift in Sources */,
			);
			runOnlyForDeploymentPostprocessing = 0;
		};
		F3A812B01F83740E00A09AAB /* Sources */ = {
			isa = PBXSourcesBuildPhase;
			buildActionMask = 2147483647;
			files = (
				F3A812B81F83740E00A09AAB /* AppDelegate.swift in Sources */,
			);
			runOnlyForDeploymentPostprocessing = 0;
		};
/* End PBXSourcesBuildPhase section */

/* Begin PBXTargetDependency section */
		F32344E229D87E6700B1886D /* PBXTargetDependency */ = {
			isa = PBXTargetDependency;
			productRef = F32344E129D87E6700B1886D /* SwiftLintPlugin */;
		};
		F35BD63C2065111F000AE4E8 /* PBXTargetDependency */ = {
			isa = PBXTargetDependency;
			target = F3A812B31F83740E00A09AAB /* iOSSampleApp */;
			targetProxy = F35BD63B2065111F000AE4E8 /* PBXContainerItemProxy */;
		};
/* End PBXTargetDependency section */

/* Begin PBXVariantGroup section */
		F3A812C01F83740E00A09AAB /* LaunchScreen.storyboard */ = {
			isa = PBXVariantGroup;
			children = (
				F3A812C11F83740E00A09AAB /* Base */,
			);
			name = LaunchScreen.storyboard;
			sourceTree = "<group>";
		};
/* End PBXVariantGroup section */

/* Begin XCBuildConfiguration section */
		F35BD63D2065111F000AE4E8 /* Debug */ = {
			isa = XCBuildConfiguration;
			buildSettings = {
				CODE_SIGN_STYLE = Automatic;
				DEVELOPMENT_TEAM = S6EJ3ZVM4G;
				INFOPLIST_FILE = iOSSampleAppUITests/Info.plist;
				IPHONEOS_DEPLOYMENT_TARGET = 12.0;
				LD_RUNPATH_SEARCH_PATHS = (
					"$(inherited)",
					"@executable_path/Frameworks",
					"@loader_path/Frameworks",
				);
				PRODUCT_BUNDLE_IDENTIFIER = sk.kulman.iOSSampleAppUITests;
				PRODUCT_NAME = "$(TARGET_NAME)";
				SWIFT_VERSION = 5.0;
				TARGETED_DEVICE_FAMILY = "1,2";
				TEST_TARGET_NAME = iOSSampleApp;
			};
			name = Debug;
		};
		F35BD63E2065111F000AE4E8 /* Release */ = {
			isa = XCBuildConfiguration;
			buildSettings = {
				CODE_SIGN_STYLE = Automatic;
				DEVELOPMENT_TEAM = S6EJ3ZVM4G;
				INFOPLIST_FILE = iOSSampleAppUITests/Info.plist;
				IPHONEOS_DEPLOYMENT_TARGET = 12.0;
				LD_RUNPATH_SEARCH_PATHS = (
					"$(inherited)",
					"@executable_path/Frameworks",
					"@loader_path/Frameworks",
				);
				PRODUCT_BUNDLE_IDENTIFIER = sk.kulman.iOSSampleAppUITests;
				PRODUCT_NAME = "$(TARGET_NAME)";
				SWIFT_VERSION = 5.0;
				TARGETED_DEVICE_FAMILY = "1,2";
				TEST_TARGET_NAME = iOSSampleApp;
			};
			name = Release;
		};
		F3A812C41F83740E00A09AAB /* Debug */ = {
			isa = XCBuildConfiguration;
			buildSettings = {
				ALWAYS_SEARCH_USER_PATHS = NO;
				CLANG_ANALYZER_LOCALIZABILITY_NONLOCALIZED = YES;
				CLANG_ANALYZER_NONNULL = YES;
				CLANG_ANALYZER_NUMBER_OBJECT_CONVERSION = YES_AGGRESSIVE;
				CLANG_CXX_LANGUAGE_STANDARD = "gnu++14";
				CLANG_CXX_LIBRARY = "libc++";
				CLANG_ENABLE_MODULES = YES;
				CLANG_ENABLE_OBJC_ARC = YES;
				CLANG_WARN_BLOCK_CAPTURE_AUTORELEASING = YES;
				CLANG_WARN_BOOL_CONVERSION = YES;
				CLANG_WARN_COMMA = YES;
				CLANG_WARN_CONSTANT_CONVERSION = YES;
				CLANG_WARN_DEPRECATED_OBJC_IMPLEMENTATIONS = YES;
				CLANG_WARN_DIRECT_OBJC_ISA_USAGE = YES_ERROR;
				CLANG_WARN_DOCUMENTATION_COMMENTS = YES;
				CLANG_WARN_EMPTY_BODY = YES;
				CLANG_WARN_ENUM_CONVERSION = YES;
				CLANG_WARN_INFINITE_RECURSION = YES;
				CLANG_WARN_INT_CONVERSION = YES;
				CLANG_WARN_NON_LITERAL_NULL_CONVERSION = YES;
				CLANG_WARN_OBJC_IMPLICIT_RETAIN_SELF = YES;
				CLANG_WARN_OBJC_LITERAL_CONVERSION = YES;
				CLANG_WARN_OBJC_ROOT_CLASS = YES_ERROR;
				CLANG_WARN_QUOTED_INCLUDE_IN_FRAMEWORK_HEADER = YES;
				CLANG_WARN_RANGE_LOOP_ANALYSIS = YES;
				CLANG_WARN_STRICT_PROTOTYPES = YES;
				CLANG_WARN_SUSPICIOUS_MOVE = YES;
				CLANG_WARN_UNGUARDED_AVAILABILITY = YES_AGGRESSIVE;
				CLANG_WARN_UNREACHABLE_CODE = YES;
				CLANG_WARN__DUPLICATE_METHOD_MATCH = YES;
				CODE_SIGN_IDENTITY = "iPhone Developer";
				COPY_PHASE_STRIP = NO;
				DEBUG_INFORMATION_FORMAT = dwarf;
				ENABLE_STRICT_OBJC_MSGSEND = YES;
				ENABLE_TESTABILITY = YES;
				GCC_C_LANGUAGE_STANDARD = gnu11;
				GCC_DYNAMIC_NO_PIC = NO;
				GCC_NO_COMMON_BLOCKS = YES;
				GCC_OPTIMIZATION_LEVEL = 0;
				GCC_PREPROCESSOR_DEFINITIONS = (
					"DEBUG=1",
					"$(inherited)",
				);
				GCC_WARN_64_TO_32_BIT_CONVERSION = YES;
				GCC_WARN_ABOUT_RETURN_TYPE = YES_ERROR;
				GCC_WARN_UNDECLARED_SELECTOR = YES;
				GCC_WARN_UNINITIALIZED_AUTOS = YES_AGGRESSIVE;
				GCC_WARN_UNUSED_FUNCTION = YES;
				GCC_WARN_UNUSED_VARIABLE = YES;
				IPHONEOS_DEPLOYMENT_TARGET = 13.0;
				MTL_ENABLE_DEBUG_INFO = YES;
				ONLY_ACTIVE_ARCH = YES;
				SDKROOT = iphoneos;
				SWIFT_ACTIVE_COMPILATION_CONDITIONS = DEBUG;
				SWIFT_OPTIMIZATION_LEVEL = "-Onone";
			};
			name = Debug;
		};
		F3A812C51F83740E00A09AAB /* Release */ = {
			isa = XCBuildConfiguration;
			buildSettings = {
				ALWAYS_SEARCH_USER_PATHS = NO;
				CLANG_ANALYZER_LOCALIZABILITY_NONLOCALIZED = YES;
				CLANG_ANALYZER_NONNULL = YES;
				CLANG_ANALYZER_NUMBER_OBJECT_CONVERSION = YES_AGGRESSIVE;
				CLANG_CXX_LANGUAGE_STANDARD = "gnu++14";
				CLANG_CXX_LIBRARY = "libc++";
				CLANG_ENABLE_MODULES = YES;
				CLANG_ENABLE_OBJC_ARC = YES;
				CLANG_WARN_BLOCK_CAPTURE_AUTORELEASING = YES;
				CLANG_WARN_BOOL_CONVERSION = YES;
				CLANG_WARN_COMMA = YES;
				CLANG_WARN_CONSTANT_CONVERSION = YES;
				CLANG_WARN_DEPRECATED_OBJC_IMPLEMENTATIONS = YES;
				CLANG_WARN_DIRECT_OBJC_ISA_USAGE = YES_ERROR;
				CLANG_WARN_DOCUMENTATION_COMMENTS = YES;
				CLANG_WARN_EMPTY_BODY = YES;
				CLANG_WARN_ENUM_CONVERSION = YES;
				CLANG_WARN_INFINITE_RECURSION = YES;
				CLANG_WARN_INT_CONVERSION = YES;
				CLANG_WARN_NON_LITERAL_NULL_CONVERSION = YES;
				CLANG_WARN_OBJC_IMPLICIT_RETAIN_SELF = YES;
				CLANG_WARN_OBJC_LITERAL_CONVERSION = YES;
				CLANG_WARN_OBJC_ROOT_CLASS = YES_ERROR;
				CLANG_WARN_QUOTED_INCLUDE_IN_FRAMEWORK_HEADER = YES;
				CLANG_WARN_RANGE_LOOP_ANALYSIS = YES;
				CLANG_WARN_STRICT_PROTOTYPES = YES;
				CLANG_WARN_SUSPICIOUS_MOVE = YES;
				CLANG_WARN_UNGUARDED_AVAILABILITY = YES_AGGRESSIVE;
				CLANG_WARN_UNREACHABLE_CODE = YES;
				CLANG_WARN__DUPLICATE_METHOD_MATCH = YES;
				CODE_SIGN_IDENTITY = "iPhone Developer";
				COPY_PHASE_STRIP = NO;
				DEBUG_INFORMATION_FORMAT = "dwarf-with-dsym";
				ENABLE_NS_ASSERTIONS = NO;
				ENABLE_STRICT_OBJC_MSGSEND = YES;
				GCC_C_LANGUAGE_STANDARD = gnu11;
				GCC_NO_COMMON_BLOCKS = YES;
				GCC_WARN_64_TO_32_BIT_CONVERSION = YES;
				GCC_WARN_ABOUT_RETURN_TYPE = YES_ERROR;
				GCC_WARN_UNDECLARED_SELECTOR = YES;
				GCC_WARN_UNINITIALIZED_AUTOS = YES_AGGRESSIVE;
				GCC_WARN_UNUSED_FUNCTION = YES;
				GCC_WARN_UNUSED_VARIABLE = YES;
				IPHONEOS_DEPLOYMENT_TARGET = 13.0;
				MTL_ENABLE_DEBUG_INFO = NO;
				SDKROOT = iphoneos;
				SWIFT_COMPILATION_MODE = wholemodule;
				SWIFT_OPTIMIZATION_LEVEL = "-O";
				VALIDATE_PRODUCT = YES;
			};
			name = Release;
		};
		F3A812C71F83740E00A09AAB /* Debug */ = {
			isa = XCBuildConfiguration;
			buildSettings = {
				ASSETCATALOG_COMPILER_APPICON_NAME = AppIcon;
				CODE_SIGN_STYLE = Automatic;
				DEVELOPMENT_TEAM = S6EJ3ZVM4G;
				INFOPLIST_FILE = iOSSampleApp/Info.plist;
				LD_RUNPATH_SEARCH_PATHS = (
					"$(inherited)",
					"@executable_path/Frameworks",
				);
				PRODUCT_BUNDLE_IDENTIFIER = sk.kulman.iOSSampleApp;
				PRODUCT_NAME = "$(TARGET_NAME)";
				SWIFT_VERSION = 5.0;
				TARGETED_DEVICE_FAMILY = "1,2";
			};
			name = Debug;
		};
		F3A812C81F83740E00A09AAB /* Release */ = {
			isa = XCBuildConfiguration;
			buildSettings = {
				ASSETCATALOG_COMPILER_APPICON_NAME = AppIcon;
				CODE_SIGN_STYLE = Automatic;
				DEVELOPMENT_TEAM = S6EJ3ZVM4G;
				INFOPLIST_FILE = iOSSampleApp/Info.plist;
				LD_RUNPATH_SEARCH_PATHS = (
					"$(inherited)",
					"@executable_path/Frameworks",
				);
				PRODUCT_BUNDLE_IDENTIFIER = sk.kulman.iOSSampleApp;
				PRODUCT_NAME = "$(TARGET_NAME)";
				SWIFT_VERSION = 5.0;
				TARGETED_DEVICE_FAMILY = "1,2";
			};
			name = Release;
		};
/* End XCBuildConfiguration section */

/* Begin XCConfigurationList section */
		F35BD63F2065111F000AE4E8 /* Build configuration list for PBXNativeTarget "iOSSampleAppUITests" */ = {
			isa = XCConfigurationList;
			buildConfigurations = (
				F35BD63D2065111F000AE4E8 /* Debug */,
				F35BD63E2065111F000AE4E8 /* Release */,
			);
			defaultConfigurationIsVisible = 0;
			defaultConfigurationName = Release;
		};
		F3A812AF1F83740E00A09AAB /* Build configuration list for PBXProject "iOSSampleApp" */ = {
			isa = XCConfigurationList;
			buildConfigurations = (
				F3A812C41F83740E00A09AAB /* Debug */,
				F3A812C51F83740E00A09AAB /* Release */,
			);
			defaultConfigurationIsVisible = 0;
			defaultConfigurationName = Release;
		};
		F3A812C61F83740E00A09AAB /* Build configuration list for PBXNativeTarget "iOSSampleApp" */ = {
			isa = XCConfigurationList;
			buildConfigurations = (
				F3A812C71F83740E00A09AAB /* Debug */,
				F3A812C81F83740E00A09AAB /* Release */,
			);
			defaultConfigurationIsVisible = 0;
			defaultConfigurationName = Release;
		};
/* End XCConfigurationList section */

/* Begin XCRemoteSwiftPackageReference section */
		F32344E029D87E5500B1886D /* XCRemoteSwiftPackageReference "SwiftLint" */ = {
			isa = XCRemoteSwiftPackageReference;
			repositoryURL = "https://github.com/realm/SwiftLint";
			requirement = {
				kind = exactVersion;
				version = 0.51.0;
			};
		};
/* End XCRemoteSwiftPackageReference section */

/* Begin XCSwiftPackageProductDependency section */
		F32344DE29D8797100B1886D /* Scenarios */ = {
			isa = XCSwiftPackageProductDependency;
			productName = Scenarios;
		};
		F32344E129D87E6700B1886D /* SwiftLintPlugin */ = {
			isa = XCSwiftPackageProductDependency;
			package = F32344E029D87E5500B1886D /* XCRemoteSwiftPackageReference "SwiftLint" */;
			productName = "plugin:SwiftLintPlugin";
		};
/* End XCSwiftPackageProductDependency section */
	};
	rootObject = F3A812AC1F83740E00A09AAB /* Project object */;
}
